Microsoft Visual Studio Solution File, Format Version 8.00
Project("{8BC9CEB8-8B4A-11D0-8D11-00A0C91BC942}") = "CubeView", "CubeView.vcproj", "{E30BB28D-DFA0-479C-B670-8CD872224B38}"
	ProjectSection(ProjectDependencies) = postProject
		{8AED3078-8CD8-40C9-A8FF-46080024F1EB} = {8AED3078-8CD8-40C9-A8FF-46080024F1EB}
		{F7974A9C-C255-4385-96BC-E24EE0816F7C} = {F7974A9C-C255-4385-96BC-E24EE0816F7C}
		{E070AAFC-9D03-41A3-BC7D-30887EA0D50F} = {E070AAFC-9D03-41A3-BC7D-30887EA0D50F}
	EndProjectSection
EndProject
Project("{8BC9CEB8-8B4A-11D0-8D11-00A0C91BC942}") = "adjuster", "adjuster.vcproj", "{51F6CDA8-3AF3-4DDC-B412-8E5E92F3393B}"
	ProjectSection(ProjectDependencies) = postProject
		{E070AAFC-9D03-41A3-BC7D-30887EA0D50F} = {E070AAFC-9D03-41A3-BC7D-30887EA0D50F}
	EndProjectSection
EndProject
Project("{8BC9CEB8-8B4A-11D0-8D11-00A0C91BC942}") = "arc", "arc.vcproj", "{39ADA7A1-A2C1-4F0B-8B92-04E335570C27}"
	ProjectSection(ProjectDependencies) = postProject
		{E070AAFC-9D03-41A3-BC7D-30887EA0D50F} = {E070AAFC-9D03-41A3-BC7D-30887EA0D50F}
	EndProjectSection
EndProject
Project("{8BC9CEB8-8B4A-11D0-8D11-00A0C91BC942}") = "ask", "ask.vcproj", "{DB6BAA16-C589-448F-9AB5-5969016549EB}"
	ProjectSection(ProjectDependencies) = postProject
		{E070AAFC-9D03-41A3-BC7D-30887EA0D50F} = {E070AAFC-9D03-41A3-BC7D-30887EA0D50F}
	EndProjectSection
EndProject
Project("{8BC9CEB8-8B4A-11D0-8D11-00A0C91BC942}") = "bitmap", "bitmap.vcproj", "{65B5BB3F-EE54-4604-B49B-7676AED83AAB}"
	ProjectSection(ProjectDependencies) = postProject
		{E070AAFC-9D03-41A3-BC7D-30887EA0D50F} = {E070AAFC-9D03-41A3-BC7D-30887EA0D50F}
	EndProjectSection
EndProject
Project("{8BC9CEB8-8B4A-11D0-8D11-00A0C91BC942}") = "boxtype", "boxtype.vcproj", "{E212D4B4-63D9-4D8D-84DB-45C8BC191462}"
	ProjectSection(ProjectDependencies) = postProject
		{E070AAFC-9D03-41A3-BC7D-30887EA0D50F} = {E070AAFC-9D03-41A3-BC7D-30887EA0D50F}
	EndProjectSection
EndProject
Project("{8BC9CEB8-8B4A-11D0-8D11-00A0C91BC942}") = "browser", "browser.vcproj", "{2352F92C-8663-4637-B919-D76F0A9EC05E}"
	ProjectSection(ProjectDependencies) = postProject
		{E070AAFC-9D03-41A3-BC7D-30887EA0D50F} = {E070AAFC-9D03-41A3-BC7D-30887EA0D50F}
	EndProjectSection
EndProject
Project("{8BC9CEB8-8B4A-11D0-8D11-00A0C91BC942}") = "button", "button.vcproj", "{0363AC35-F325-4C24-9DB9-E83337D55787}"
	ProjectSection(ProjectDependencies) = postProject
		{E070AAFC-9D03-41A3-BC7D-30887EA0D50F} = {E070AAFC-9D03-41A3-BC7D-30887EA0D50F}
	EndProjectSection
EndProject
Project("{8BC9CEB8-8B4A-11D0-8D11-00A0C91BC942}") = "buttons", "buttons.vcproj", "{67CE1C24-B0C0-4CD6-8D0F-68513C2398B9}"
	ProjectSection(ProjectDependencies) = postProject
		{E070AAFC-9D03-41A3-BC7D-30887EA0D50F} = {E070AAFC-9D03-41A3-BC7D-30887EA0D50F}
	EndProjectSection
EndProject
Project("{8BC9CEB8-8B4A-11D0-8D11-00A0C91BC942}") = "checkers", "checkers.vcproj", "{92EEF887-8305-4D00-86B7-D3F98CC7AD87}"
	ProjectSection(ProjectDependencies) = postProject
		{E070AAFC-9D03-41A3-BC7D-30887EA0D50F} = {E070AAFC-9D03-41A3-BC7D-30887EA0D50F}
	EndProjectSection
EndProject
Project("{8BC9CEB8-8B4A-11D0-8D11-00A0C91BC942}") = "clock", "clock.vcproj", "{122160ED-446E-4B15-8CB4-A2058DC7269A}"
	ProjectSection(ProjectDependencies) = postProject
		{E070AAFC-9D03-41A3-BC7D-30887EA0D50F} = {E070AAFC-9D03-41A3-BC7D-30887EA0D50F}
	EndProjectSection
EndProject
Project("{8BC9CEB8-8B4A-11D0-8D11-00A0C91BC942}") = "colbrowser", "colbrowser.vcproj", "{D0BC7525-99E7-4247-B860-1B3CF2FF8165}"
	ProjectSection(ProjectDependencies) = postProject
		{C17BAB42-F00B-4F71-9DF6-A921511C89EE} = {C17BAB42-F00B-4F71-9DF6-A921511C89EE}
		{E070AAFC-9D03-41A3-BC7D-30887EA0D50F} = {E070AAFC-9D03-41A3-BC7D-30887EA0D50F}
	EndProjectSection
EndProject
Project("{8BC9CEB8-8B4A-11D0-8D11-00A0C91BC942}") = "color_chooser", "color_chooser.vcproj", "{BDACB9FC-6769-4A2D-A636-36CC25E3AC75}"
	ProjectSection(ProjectDependencies) = postProject
		{E070AAFC-9D03-41A3-BC7D-30887EA0D50F} = {E070AAFC-9D03-41A3-BC7D-30887EA0D50F}
	EndProjectSection
EndProject
Project("{8BC9CEB8-8B4A-11D0-8D11-00A0C91BC942}") = "cube", "cube.vcproj", "{0973844B-3E5F-4C38-95FF-E8935243D287}"
	ProjectSection(ProjectDependencies) = postProject
		{F7974A9C-C255-4385-96BC-E24EE0816F7C} = {F7974A9C-C255-4385-96BC-E24EE0816F7C}
		{E070AAFC-9D03-41A3-BC7D-30887EA0D50F} = {E070AAFC-9D03-41A3-BC7D-30887EA0D50F}
	EndProjectSection
EndProject
Project("{8BC9CEB8-8B4A-11D0-8D11-00A0C91BC942}") = "cursor", "cursor.vcproj", "{0D1DB0EE-E997-4550-85D4-BDE209B75AD6}"
	ProjectSection(ProjectDependencies) = postProject
		{E070AAFC-9D03-41A3-BC7D-30887EA0D50F} = {E070AAFC-9D03-41A3-BC7D-30887EA0D50F}
	EndProjectSection
EndProject
Project("{8BC9CEB8-8B4A-11D0-8D11-00A0C91BC942}") = "curve", "curve.vcproj", "{27D45BA6-A403-4A71-B6D6-57DC0CEDCE15}"
	ProjectSection(ProjectDependencies) = postProject
		{E070AAFC-9D03-41A3-BC7D-30887EA0D50F} = {E070AAFC-9D03-41A3-BC7D-30887EA0D50F}
	EndProjectSection
EndProject
Project("{8BC9CEB8-8B4A-11D0-8D11-00A0C91BC942}") = "demo", "demo.vcproj", "{09427220-8C9C-498A-8D50-1638D3FB87E5}"
	ProjectSection(ProjectDependencies) = postProject
		{1C1B5A00-5F5D-4290-A07B-8A5A4A78570A} = {1C1B5A00-5F5D-4290-A07B-8A5A4A78570A}
		{8D8D210D-F628-48BB-9127-D8003DF22018} = {8D8D210D-F628-48BB-9127-D8003DF22018}
		{7BBECC0F-9381-4BF2-87CA-3FD1DA93DEAF} = {7BBECC0F-9381-4BF2-87CA-3FD1DA93DEAF}
		{AE750416-51BA-485C-BD76-EF11B4536EE8} = {AE750416-51BA-485C-BD76-EF11B4536EE8}
		{AE750416-51BA-485C-BD76-EF11B4536EE8} = {AE750416-51BA-485C-BD76-EF11B4536EE8}
		{DB6BAA16-C589-448F-9AB5-5969016549EB} = {DB6BAA16-C589-448F-9AB5-5969016549EB}
		{78079B1F-152B-4E83-87CB-364586AB3AAC} = {78079B1F-152B-4E83-87CB-364586AB3AAC}
		{D640A221-F95A-40FF-AC0E-0E8B615C7681} = {D640A221-F95A-40FF-AC0E-0E8B615C7681}
		{67CE1C24-B0C0-4CD6-8D0F-68513C2398B9} = {67CE1C24-B0C0-4CD6-8D0F-68513C2398B9}
		{D0BC7525-99E7-4247-B860-1B3CF2FF8165} = {D0BC7525-99E7-4247-B860-1B3CF2FF8165}
		{ADA2462A-3656-41D2-B8A8-8D942AA0F8E9} = {ADA2462A-3656-41D2-B8A8-8D942AA0F8E9}
		{2352F92C-8663-4637-B919-D76F0A9EC05E} = {2352F92C-8663-4637-B919-D76F0A9EC05E}
		{28D24031-1A17-497A-B926-59CF78076DED} = {28D24031-1A17-497A-B926-59CF78076DED}
		{37C32832-DCE4-4BAA-9306-826064B30CCB} = {37C32832-DCE4-4BAA-9306-826064B30CCB}
		{2E03AF33-56A1-4366-B016-184CD96F3B56} = {2E03AF33-56A1-4366-B016-184CD96F3B56}
		{0363AC35-F325-4C24-9DB9-E83337D55787} = {0363AC35-F325-4C24-9DB9-E83337D55787}
		{DF2A883A-7356-4603-9CB1-E8F1E6B1549D} = {DF2A883A-7356-4603-9CB1-E8F1E6B1549D}
		{65B5BB3F-EE54-4604-B49B-7676AED83AAB} = {65B5BB3F-EE54-4604-B49B-7676AED83AAB}
		{E1D9CE3F-400D-40E8-AD0D-61C29B1847FF} = {E1D9CE3F-400D-40E8-AD0D-61C29B1847FF}
		{46771042-C840-4314-BA3C-C5BC2FBD7CBB} = {46771042-C840-4314-BA3C-C5BC2FBD7CBB}
		{23F17042-704E-4198-8017-A8584E884CF7} = {23F17042-704E-4198-8017-A8584E884CF7}
		{C17BAB42-F00B-4F71-9DF6-A921511C89EE} = {C17BAB42-F00B-4F71-9DF6-A921511C89EE}
		{3B0BF144-5D75-4D4A-BF75-7347186C808F} = {3B0BF144-5D75-4D4A-BF75-7347186C808F}
		{6927F349-29DF-4D60-BC8F-5A3F5E133735} = {6927F349-29DF-4D60-BC8F-5A3F5E133735}
		{0973844B-3E5F-4C38-95FF-E8935243D287} = {0973844B-3E5F-4C38-95FF-E8935243D287}
		{E1A8934E-CB8D-4F74-B78A-EC7952BC4CBE} = {E1A8934E-CB8D-4F74-B78A-EC7952BC4CBE}
		{08B82852-90B3-4767-A5D2-F0A4FCCB2377} = {08B82852-90B3-4767-A5D2-F0A4FCCB2377}
		{B1749154-F87B-489D-B4B0-ABD5ED20A96F} = {B1749154-F87B-489D-B4B0-ABD5ED20A96F}
		{45797F58-624B-4FA0-A7A3-5956114D8215} = {45797F58-624B-4FA0-A7A3-5956114D8215}
		{289C605C-94CC-437F-836B-2FE41528EEEC} = {289C605C-94CC-437F-836B-2FE41528EEEC}
		{97541B63-87AA-4ACE-BBF5-175F8D1389EC} = {97541B63-87AA-4ACE-BBF5-175F8D1389EC}
		{EDDBF169-77C1-496E-9EFE-E500107E6E97} = {EDDBF169-77C1-496E-9EFE-E500107E6E97}
		{45236F71-7031-40BC-ADCD-0535A64C04B0} = {45236F71-7031-40BC-ADCD-0535A64C04B0}
		{8AED3078-8CD8-40C9-A8FF-46080024F1EB} = {8AED3078-8CD8-40C9-A8FF-46080024F1EB}
		{BFE8CC78-6B58-4305-A096-796A3088BB26} = {BFE8CC78-6B58-4305-A096-796A3088BB26}
		{C3E7B77C-EED2-4046-9A30-9446C6F096A0} = {C3E7B77C-EED2-4046-9A30-9446C6F096A0}
		{4DFA9F84-0457-4FE4-8008-283270610487} = {4DFA9F84-0457-4FE4-8008-283270610487}
		{58A83386-65E6-4F22-8712-8B6B7E62913D} = {58A83386-65E6-4F22-8712-8B6B7E62913D}
		{92EEF887-8305-4D00-86B7-D3F98CC7AD87} = {92EEF887-8305-4D00-86B7-D3F98CC7AD87}
		{3322F289-B025-4DB1-A7D1-FBA3840F8A0B} = {3322F289-B025-4DB1-A7D1-FBA3840F8A0B}
		{CEB7B88B-3AA5-4DD6-818F-CF19E12BF1E1} = {CEB7B88B-3AA5-4DD6-818F-CF19E12BF1E1}
		{E30BB28D-DFA0-479C-B670-8CD872224B38} = {E30BB28D-DFA0-479C-B670-8CD872224B38}
		{3E822491-B134-43B0-A40E-9348FFAB527F} = {3E822491-B134-43B0-A40E-9348FFAB527F}
		{B5271094-DE51-4E60-B4FA-D8F0BDB969FE} = {B5271094-DE51-4E60-B4FA-D8F0BDB969FE}
		{1CA77C94-5785-4B38-B91A-1EAFBD885BC2} = {1CA77C94-5785-4B38-B91A-1EAFBD885BC2}
		{39ADA7A1-A2C1-4F0B-8B92-04E335570C27} = {39ADA7A1-A2C1-4F0B-8B92-04E335570C27}
		{27D45BA6-A403-4A71-B6D6-57DC0CEDCE15} = {27D45BA6-A403-4A71-B6D6-57DC0CEDCE15}
		{51F6CDA8-3AF3-4DDC-B412-8E5E92F3393B} = {51F6CDA8-3AF3-4DDC-B412-8E5E92F3393B}
		{E212D4B4-63D9-4D8D-84DB-45C8BC191462} = {E212D4B4-63D9-4D8D-84DB-45C8BC191462}
		{F0B8F4BD-955D-43CB-980C-805364D04A25} = {F0B8F4BD-955D-43CB-980C-805364D04A25}
		{2D29D6C9-B4A6-444C-A311-106A9C8A986F} = {2D29D6C9-B4A6-444C-A311-106A9C8A986F}
		{CEE12ACB-20E4-45E4-AD5E-D15D7CFF68C3} = {CEE12ACB-20E4-45E4-AD5E-D15D7CFF68C3}
		{7A2467D2-B03A-4964-A289-EF233EB39F69} = {7A2467D2-B03A-4964-A289-EF233EB39F69}
		{AD5ACED4-F6EE-4AC0-B502-23CFD10EF603} = {AD5ACED4-F6EE-4AC0-B502-23CFD10EF603}
		{D04E36D7-1C68-43E6-BE30-A7793CE3C799} = {D04E36D7-1C68-43E6-BE30-A7793CE3C799}
		{9F3F86DA-3CC5-481F-8201-166933B5C8FF} = {9F3F86DA-3CC5-481F-8201-166933B5C8FF}
		{1CD667DD-E7AE-4F36-A1F7-F41FB59786BE} = {1CD667DD-E7AE-4F36-A1F7-F41FB59786BE}
		{8B25CCE0-0988-4999-AE65-5A5EE31BB44D} = {8B25CCE0-0988-4999-AE65-5A5EE31BB44D}
		{F658ABE4-7FE1-4404-9B7C-55E0D660F1B3} = {F658ABE4-7FE1-4404-9B7C-55E0D660F1B3}
		{AA0ED6EA-2DA3-4486-AFBD-76CC9D206A1E} = {AA0ED6EA-2DA3-4486-AFBD-76CC9D206A1E}
		{122160ED-446E-4B15-8CB4-A2058DC7269A} = {122160ED-446E-4B15-8CB4-A2058DC7269A}
		{0D1DB0EE-E997-4550-85D4-BDE209B75AD6} = {0D1DB0EE-E997-4550-85D4-BDE209B75AD6}
		{0BDAEBF1-7A8D-434B-A543-4663464E972D} = {0BDAEBF1-7A8D-434B-A543-4663464E972D}
		{E070AAFC-9D03-41A3-BC7D-30887EA0D50F} = {E070AAFC-9D03-41A3-BC7D-30887EA0D50F}
		{BDACB9FC-6769-4A2D-A636-36CC25E3AC75} = {BDACB9FC-6769-4A2D-A636-36CC25E3AC75}
		{2147B9FD-7D65-4854-9770-D7B8767DB9AE} = {2147B9FD-7D65-4854-9770-D7B8767DB9AE}
	EndProjectSection
EndProject
Project("{8BC9CEB8-8B4A-11D0-8D11-00A0C91BC942}") = "doublebuffer", "doublebuffer.vcproj", "{EDDBF169-77C1-496E-9EFE-E500107E6E97}"
	ProjectSection(ProjectDependencies) = postProject
		{E070AAFC-9D03-41A3-BC7D-30887EA0D50F} = {E070AAFC-9D03-41A3-BC7D-30887EA0D50F}
	EndProjectSection
EndProject
Project("{8BC9CEB8-8B4A-11D0-8D11-00A0C91BC942}") = "editor", "editor.vcproj", "{0BDAEBF1-7A8D-434B-A543-4663464E972D}"
	ProjectSection(ProjectDependencies) = postProject
		{F0B8F4BD-955D-43CB-980C-805364D04A25} = {F0B8F4BD-955D-43CB-980C-805364D04A25}
	EndProjectSection
EndProject
Project("{8BC9CEB8-8B4A-11D0-8D11-00A0C91BC942}") = "fast_slow", "fast_slow.vcproj", "{2D29D6C9-B4A6-444C-A311-106A9C8A986F}"
	ProjectSection(ProjectDependencies) = postProject
		{8AED3078-8CD8-40C9-A8FF-46080024F1EB} = {8AED3078-8CD8-40C9-A8FF-46080024F1EB}
		{E070AAFC-9D03-41A3-BC7D-30887EA0D50F} = {E070AAFC-9D03-41A3-BC7D-30887EA0D50F}
	EndProjectSection
EndProject
Project("{8BC9CEB8-8B4A-11D0-8D11-00A0C91BC942}") = "file_chooser", "file_chooser.vcproj", "{6927F349-29DF-4D60-BC8F-5A3F5E133735}"
	ProjectSection(ProjectDependencies) = postProject
		{D640A221-F95A-40FF-AC0E-0E8B615C7681} = {D640A221-F95A-40FF-AC0E-0E8B615C7681}
		{E1D9CE3F-400D-40E8-AD0D-61C29B1847FF} = {E1D9CE3F-400D-40E8-AD0D-61C29B1847FF}
		{08B82852-90B3-4767-A5D2-F0A4FCCB2377} = {08B82852-90B3-4767-A5D2-F0A4FCCB2377}
		{6E8E1663-B88D-4454-ADF2-279666A93306} = {6E8E1663-B88D-4454-ADF2-279666A93306}
		{E070AAFC-9D03-41A3-BC7D-30887EA0D50F} = {E070AAFC-9D03-41A3-BC7D-30887EA0D50F}
	EndProjectSection
EndProject
Project("{8BC9CEB8-8B4A-11D0-8D11-00A0C91BC942}") = "fltk", "fltk.lib.vcproj", "{E070AAFC-9D03-41A3-BC7D-30887EA0D50F}"
	ProjectSection(ProjectDependencies) = postProject
	EndProjectSection
EndProject
Project("{8BC9CEB8-8B4A-11D0-8D11-00A0C91BC942}") = "fltkdll", "fltkdll.vcproj", "{F0B8F4BD-955D-43CB-980C-805364D04A25}"
	ProjectSection(ProjectDependencies) = postProject
		{D640A221-F95A-40FF-AC0E-0E8B615C7681} = {D640A221-F95A-40FF-AC0E-0E8B615C7681}
		{E1D9CE3F-400D-40E8-AD0D-61C29B1847FF} = {E1D9CE3F-400D-40E8-AD0D-61C29B1847FF}
		{08B82852-90B3-4767-A5D2-F0A4FCCB2377} = {08B82852-90B3-4767-A5D2-F0A4FCCB2377}
		{289C605C-94CC-437F-836B-2FE41528EEEC} = {289C605C-94CC-437F-836B-2FE41528EEEC}
	EndProjectSection
EndProject
Project("{8BC9CEB8-8B4A-11D0-8D11-00A0C91BC942}") = "fltkforms", "fltkforms.vcproj", "{C17BAB42-F00B-4F71-9DF6-A921511C89EE}"
	ProjectSection(ProjectDependencies) = postProject
	EndProjectSection
EndProject
Project("{8BC9CEB8-8B4A-11D0-8D11-00A0C91BC942}") = "fltkgl", "fltkgl.vcproj", "{F7974A9C-C255-4385-96BC-E24EE0816F7C}"
	ProjectSection(ProjectDependencies) = postProject
	EndProjectSection
EndProject
Project("{8BC9CEB8-8B4A-11D0-8D11-00A0C91BC942}") = "fltkimages", "fltkimages.vcproj", "{6E8E1663-B88D-4454-ADF2-279666A93306}"
	ProjectSection(ProjectDependencies) = postProject
	EndProjectSection
EndProject
Project("{8BC9CEB8-8B4A-11D0-8D11-00A0C91BC942}") = "fluid", "fluid.vcproj", "{8AED3078-8CD8-40C9-A8FF-46080024F1EB}"
	ProjectSection(ProjectDependencies) = postProject
		{D640A221-F95A-40FF-AC0E-0E8B615C7681} = {D640A221-F95A-40FF-AC0E-0E8B615C7681}
		{E1D9CE3F-400D-40E8-AD0D-61C29B1847FF} = {E1D9CE3F-400D-40E8-AD0D-61C29B1847FF}
		{C17BAB42-F00B-4F71-9DF6-A921511C89EE} = {C17BAB42-F00B-4F71-9DF6-A921511C89EE}
		{08B82852-90B3-4767-A5D2-F0A4FCCB2377} = {08B82852-90B3-4767-A5D2-F0A4FCCB2377}
		{6E8E1663-B88D-4454-ADF2-279666A93306} = {6E8E1663-B88D-4454-ADF2-279666A93306}
		{E070AAFC-9D03-41A3-BC7D-30887EA0D50F} = {E070AAFC-9D03-41A3-BC7D-30887EA0D50F}
	EndProjectSection
EndProject
Project("{8BC9CEB8-8B4A-11D0-8D11-00A0C91BC942}") = "fonts", "fonts.vcproj", "{DF2A883A-7356-4603-9CB1-E8F1E6B1549D}"
	ProjectSection(ProjectDependencies) = postProject
		{E070AAFC-9D03-41A3-BC7D-30887EA0D50F} = {E070AAFC-9D03-41A3-BC7D-30887EA0D50F}
	EndProjectSection
EndProject
Project("{8BC9CEB8-8B4A-11D0-8D11-00A0C91BC942}") = "forms", "forms.vcproj", "{B1749154-F87B-489D-B4B0-ABD5ED20A96F}"
	ProjectSection(ProjectDependencies) = postProject
		{C17BAB42-F00B-4F71-9DF6-A921511C89EE} = {C17BAB42-F00B-4F71-9DF6-A921511C89EE}
		{E070AAFC-9D03-41A3-BC7D-30887EA0D50F} = {E070AAFC-9D03-41A3-BC7D-30887EA0D50F}
	EndProjectSection
EndProject
Project("{8BC9CEB8-8B4A-11D0-8D11-00A0C91BC942}") = "fractals", "fractals.vcproj", "{58A83386-65E6-4F22-8712-8B6B7E62913D}"
	ProjectSection(ProjectDependencies) = postProject
		{F7974A9C-C255-4385-96BC-E24EE0816F7C} = {F7974A9C-C255-4385-96BC-E24EE0816F7C}
		{E070AAFC-9D03-41A3-BC7D-30887EA0D50F} = {E070AAFC-9D03-41A3-BC7D-30887EA0D50F}
	EndProjectSection
EndProject
Project("{8BC9CEB8-8B4A-11D0-8D11-00A0C91BC942}") = "fullscreen", "fullscreen.vcproj", "{2147B9FD-7D65-4854-9770-D7B8767DB9AE}"
	ProjectSection(ProjectDependencies) = postProject
		{F7974A9C-C255-4385-96BC-E24EE0816F7C} = {F7974A9C-C255-4385-96BC-E24EE0816F7C}
		{E070AAFC-9D03-41A3-BC7D-30887EA0D50F} = {E070AAFC-9D03-41A3-BC7D-30887EA0D50F}
	EndProjectSection
EndProject
Project("{8BC9CEB8-8B4A-11D0-8D11-00A0C91BC942}") = "gl_overlay", "gl_overlay.vcproj", "{8D8D210D-F628-48BB-9127-D8003DF22018}"
	ProjectSection(ProjectDependencies) = postProject
		{F7974A9C-C255-4385-96BC-E24EE0816F7C} = {F7974A9C-C255-4385-96BC-E24EE0816F7C}
		{E070AAFC-9D03-41A3-BC7D-30887EA0D50F} = {E070AAFC-9D03-41A3-BC7D-30887EA0D50F}
	EndProjectSection
EndProject
Project("{8BC9CEB8-8B4A-11D0-8D11-00A0C91BC942}") = "glpuzzle", "glpuzzle.vcproj", "{BFE8CC78-6B58-4305-A096-796A3088BB26}"
	ProjectSection(ProjectDependencies) = postProject
		{F7974A9C-C255-4385-96BC-E24EE0816F7C} = {F7974A9C-C255-4385-96BC-E24EE0816F7C}
		{E070AAFC-9D03-41A3-BC7D-30887EA0D50F} = {E070AAFC-9D03-41A3-BC7D-30887EA0D50F}
	EndProjectSection
EndProject
Project("{8BC9CEB8-8B4A-11D0-8D11-00A0C91BC942}") = "hello", "hello.vcproj", "{ADA2462A-3656-41D2-B8A8-8D942AA0F8E9}"
	ProjectSection(ProjectDependencies) = postProject
		{E070AAFC-9D03-41A3-BC7D-30887EA0D50F} = {E070AAFC-9D03-41A3-BC7D-30887EA0D50F}
	EndProjectSection
EndProject
Project("{8BC9CEB8-8B4A-11D0-8D11-00A0C91BC942}") = "help", "help.vcproj", "{9F3F86DA-3CC5-481F-8201-166933B5C8FF}"
	ProjectSection(ProjectDependencies) = postProject
		{D640A221-F95A-40FF-AC0E-0E8B615C7681} = {D640A221-F95A-40FF-AC0E-0E8B615C7681}
		{E1D9CE3F-400D-40E8-AD0D-61C29B1847FF} = {E1D9CE3F-400D-40E8-AD0D-61C29B1847FF}
		{08B82852-90B3-4767-A5D2-F0A4FCCB2377} = {08B82852-90B3-4767-A5D2-F0A4FCCB2377}
		{6E8E1663-B88D-4454-ADF2-279666A93306} = {6E8E1663-B88D-4454-ADF2-279666A93306}
		{E070AAFC-9D03-41A3-BC7D-30887EA0D50F} = {E070AAFC-9D03-41A3-BC7D-30887EA0D50F}
	EndProjectSection
EndProject
Project("{8BC9CEB8-8B4A-11D0-8D11-00A0C91BC942}") = "iconize", "iconize.vcproj", "{37C32832-DCE4-4BAA-9306-826064B30CCB}"
	ProjectSection(ProjectDependencies) = postProject
		{E070AAFC-9D03-41A3-BC7D-30887EA0D50F} = {E070AAFC-9D03-41A3-BC7D-30887EA0D50F}
	EndProjectSection
EndProject
Project("{8BC9CEB8-8B4A-11D0-8D11-00A0C91BC942}") = "image", "image.vcproj", "{3322F289-B025-4DB1-A7D1-FBA3840F8A0B}"
	ProjectSection(ProjectDependencies) = postProject
		{E070AAFC-9D03-41A3-BC7D-30887EA0D50F} = {E070AAFC-9D03-41A3-BC7D-30887EA0D50F}
	EndProjectSection
EndProject
Project("{8BC9CEB8-8B4A-11D0-8D11-00A0C91BC942}") = "inactive", "inactive.vcproj", "{B5271094-DE51-4E60-B4FA-D8F0BDB969FE}"
	ProjectSection(ProjectDependencies) = postProject
		{8AED3078-8CD8-40C9-A8FF-46080024F1EB} = {8AED3078-8CD8-40C9-A8FF-46080024F1EB}
		{E070AAFC-9D03-41A3-BC7D-30887EA0D50F} = {E070AAFC-9D03-41A3-BC7D-30887EA0D50F}
	EndProjectSection
EndProject
Project("{8BC9CEB8-8B4A-11D0-8D11-00A0C91BC942}") = "input", "input.vcproj", "{1C1B5A00-5F5D-4290-A07B-8A5A4A78570A}"
	ProjectSection(ProjectDependencies) = postProject
		{E070AAFC-9D03-41A3-BC7D-30887EA0D50F} = {E070AAFC-9D03-41A3-BC7D-30887EA0D50F}
	EndProjectSection
EndProject
Project("{8BC9CEB8-8B4A-11D0-8D11-00A0C91BC942}") = "keyboard", "keyboard.vcproj", "{4DFA9F84-0457-4FE4-8008-283270610487}"
	ProjectSection(ProjectDependencies) = postProject
		{8AED3078-8CD8-40C9-A8FF-46080024F1EB} = {8AED3078-8CD8-40C9-A8FF-46080024F1EB}
		{E070AAFC-9D03-41A3-BC7D-30887EA0D50F} = {E070AAFC-9D03-41A3-BC7D-30887EA0D50F}
	EndProjectSection
EndProject
Project("{8BC9CEB8-8B4A-11D0-8D11-00A0C91BC942}") = "label", "label.vcproj", "{C3E7B77C-EED2-4046-9A30-9446C6F096A0}"
	ProjectSection(ProjectDependencies) = postProject
		{C17BAB42-F00B-4F71-9DF6-A921511C89EE} = {C17BAB42-F00B-4F71-9DF6-A921511C89EE}
		{E070AAFC-9D03-41A3-BC7D-30887EA0D50F} = {E070AAFC-9D03-41A3-BC7D-30887EA0D50F}
	EndProjectSection
EndProject
Project("{8BC9CEB8-8B4A-11D0-8D11-00A0C91BC942}") = "line_style", "line_style.vcproj", "{8B25CCE0-0988-4999-AE65-5A5EE31BB44D}"
	ProjectSection(ProjectDependencies) = postProject
	EndProjectSection
EndProject
Project("{8BC9CEB8-8B4A-11D0-8D11-00A0C91BC942}") = "mandelbrot", "mandelbrot.vcproj", "{7BBECC0F-9381-4BF2-87CA-3FD1DA93DEAF}"
	ProjectSection(ProjectDependencies) = postProject
		{8AED3078-8CD8-40C9-A8FF-46080024F1EB} = {8AED3078-8CD8-40C9-A8FF-46080024F1EB}
		{E070AAFC-9D03-41A3-BC7D-30887EA0D50F} = {E070AAFC-9D03-41A3-BC7D-30887EA0D50F}
	EndProjectSection
EndProject
Project("{8BC9CEB8-8B4A-11D0-8D11-00A0C91BC942}") = "menubar", "menubar.vcproj", "{78079B1F-152B-4E83-87CB-364586AB3AAC}"
	ProjectSection(ProjectDependencies) = postProject
		{E070AAFC-9D03-41A3-BC7D-30887EA0D50F} = {E070AAFC-9D03-41A3-BC7D-30887EA0D50F}
	EndProjectSection
EndProject
Project("{8BC9CEB8-8B4A-11D0-8D11-00A0C91BC942}") = "message", "message.vcproj", "{E1A8934E-CB8D-4F74-B78A-EC7952BC4CBE}"
	ProjectSection(ProjectDependencies) = postProject
		{E070AAFC-9D03-41A3-BC7D-30887EA0D50F} = {E070AAFC-9D03-41A3-BC7D-30887EA0D50F}
	EndProjectSection
EndProject
Project("{8BC9CEB8-8B4A-11D0-8D11-00A0C91BC942}") = "minimum", "minimum.vcproj", "{F658ABE4-7FE1-4404-9B7C-55E0D660F1B3}"
	ProjectSection(ProjectDependencies) = postProject
		{E070AAFC-9D03-41A3-BC7D-30887EA0D50F} = {E070AAFC-9D03-41A3-BC7D-30887EA0D50F}
	EndProjectSection
EndProject
Project("{8BC9CEB8-8B4A-11D0-8D11-00A0C91BC942}") = "navigation", "navigation.vcproj", "{AA0ED6EA-2DA3-4486-AFBD-76CC9D206A1E}"
	ProjectSection(ProjectDependencies) = postProject
		{E070AAFC-9D03-41A3-BC7D-30887EA0D50F} = {E070AAFC-9D03-41A3-BC7D-30887EA0D50F}
	EndProjectSection
EndProject
Project("{8BC9CEB8-8B4A-11D0-8D11-00A0C91BC942}") = "output", "output.vcproj", "{1CA77C94-5785-4B38-B91A-1EAFBD885BC2}"
	ProjectSection(ProjectDependencies) = postProject
		{C17BAB42-F00B-4F71-9DF6-A921511C89EE} = {C17BAB42-F00B-4F71-9DF6-A921511C89EE}
		{E070AAFC-9D03-41A3-BC7D-30887EA0D50F} = {E070AAFC-9D03-41A3-BC7D-30887EA0D50F}
	EndProjectSection
EndProject
Project("{8BC9CEB8-8B4A-11D0-8D11-00A0C91BC942}") = "overlay", "overlay.vcproj", "{3B0BF144-5D75-4D4A-BF75-7347186C808F}"
	ProjectSection(ProjectDependencies) = postProject
		{E070AAFC-9D03-41A3-BC7D-30887EA0D50F} = {E070AAFC-9D03-41A3-BC7D-30887EA0D50F}
	EndProjectSection
EndProject
Project("{8BC9CEB8-8B4A-11D0-8D11-00A0C91BC942}") = "pack", "pack.vcproj", "{CEB7B88B-3AA5-4DD6-818F-CF19E12BF1E1}"
	ProjectSection(ProjectDependencies) = postProject
		{E070AAFC-9D03-41A3-BC7D-30887EA0D50F} = {E070AAFC-9D03-41A3-BC7D-30887EA0D50F}
	EndProjectSection
EndProject
Project("{8BC9CEB8-8B4A-11D0-8D11-00A0C91BC942}") = "pixmap", "pixmap.vcproj", "{1CD667DD-E7AE-4F36-A1F7-F41FB59786BE}"
	ProjectSection(ProjectDependencies) = postProject
		{E070AAFC-9D03-41A3-BC7D-30887EA0D50F} = {E070AAFC-9D03-41A3-BC7D-30887EA0D50F}
	EndProjectSection
EndProject
Project("{8BC9CEB8-8B4A-11D0-8D11-00A0C91BC942}") = "pixmap_browser", "pixmap_browser.vcproj", "{289C605C-94CC-437F-836B-2FE41528EEEC}"
	ProjectSection(ProjectDependencies) = postProject
		{D640A221-F95A-40FF-AC0E-0E8B615C7681} = {D640A221-F95A-40FF-AC0E-0E8B615C7681}
		{E1D9CE3F-400D-40E8-AD0D-61C29B1847FF} = {E1D9CE3F-400D-40E8-AD0D-61C29B1847FF}
		{08B82852-90B3-4767-A5D2-F0A4FCCB2377} = {08B82852-90B3-4767-A5D2-F0A4FCCB2377}
		{6E8E1663-B88D-4454-ADF2-279666A93306} = {6E8E1663-B88D-4454-ADF2-279666A93306}
		{E070AAFC-9D03-41A3-BC7D-30887EA0D50F} = {E070AAFC-9D03-41A3-BC7D-30887EA0D50F}
	EndProjectSection
EndProject
Project("{8BC9CEB8-8B4A-11D0-8D11-00A0C91BC942}") = "preferences", "preferences.vcproj", "{D04E36D7-1C68-43E6-BE30-A7793CE3C799}"
	ProjectSection(ProjectDependencies) = postProject
		{8AED3078-8CD8-40C9-A8FF-46080024F1EB} = {8AED3078-8CD8-40C9-A8FF-46080024F1EB}
		{E070AAFC-9D03-41A3-BC7D-30887EA0D50F} = {E070AAFC-9D03-41A3-BC7D-30887EA0D50F}
	EndProjectSection
EndProject
Project("{8BC9CEB8-8B4A-11D0-8D11-00A0C91BC942}") = "radio", "radio.vcproj", "{AD5ACED4-F6EE-4AC0-B502-23CFD10EF603}"
	ProjectSection(ProjectDependencies) = postProject
		{8AED3078-8CD8-40C9-A8FF-46080024F1EB} = {8AED3078-8CD8-40C9-A8FF-46080024F1EB}
		{E070AAFC-9D03-41A3-BC7D-30887EA0D50F} = {E070AAFC-9D03-41A3-BC7D-30887EA0D50F}
	EndProjectSection
EndProject
Project("{8BC9CEB8-8B4A-11D0-8D11-00A0C91BC942}") = "resize", "resize.vcproj", "{46771042-C840-4314-BA3C-C5BC2FBD7CBB}"
	ProjectSection(ProjectDependencies) = postProject
		{8AED3078-8CD8-40C9-A8FF-46080024F1EB} = {8AED3078-8CD8-40C9-A8FF-46080024F1EB}
		{E070AAFC-9D03-41A3-BC7D-30887EA0D50F} = {E070AAFC-9D03-41A3-BC7D-30887EA0D50F}
	EndProjectSection
EndProject
Project("{8BC9CEB8-8B4A-11D0-8D11-00A0C91BC942}") = "resizebox", "resizebox.vcproj", "{2E03AF33-56A1-4366-B016-184CD96F3B56}"
	ProjectSection(ProjectDependencies) = postProject
		{E070AAFC-9D03-41A3-BC7D-30887EA0D50F} = {E070AAFC-9D03-41A3-BC7D-30887EA0D50F}
	EndProjectSection
EndProject
Project("{8BC9CEB8-8B4A-11D0-8D11-00A0C91BC942}") = "scroll", "scroll.vcproj", "{97541B63-87AA-4ACE-BBF5-175F8D1389EC}"
	ProjectSection(ProjectDependencies) = postProject
		{E070AAFC-9D03-41A3-BC7D-30887EA0D50F} = {E070AAFC-9D03-41A3-BC7D-30887EA0D50F}
	EndProjectSection
EndProject
Project("{8BC9CEB8-8B4A-11D0-8D11-00A0C91BC942}") = "shape", "shape.vcproj", "{45797F58-624B-4FA0-A7A3-5956114D8215}"
	ProjectSection(ProjectDependencies) = postProject
		{F7974A9C-C255-4385-96BC-E24EE0816F7C} = {F7974A9C-C255-4385-96BC-E24EE0816F7C}
		{E070AAFC-9D03-41A3-BC7D-30887EA0D50F} = {E070AAFC-9D03-41A3-BC7D-30887EA0D50F}
	EndProjectSection
EndProject
Project("{8BC9CEB8-8B4A-11D0-8D11-00A0C91BC942}") = "subwindow", "subwindow.vcproj", "{7A2467D2-B03A-4964-A289-EF233EB39F69}"
	ProjectSection(ProjectDependencies) = postProject
		{E070AAFC-9D03-41A3-BC7D-30887EA0D50F} = {E070AAFC-9D03-41A3-BC7D-30887EA0D50F}
	EndProjectSection
EndProject
Project("{8BC9CEB8-8B4A-11D0-8D11-00A0C91BC942}") = "sudoku", "sudoku.vcproj", "{AE750416-51BA-485C-BD76-EF11B4536EE8}"
	ProjectSection(ProjectDependencies) = postProject
		{D640A221-F95A-40FF-AC0E-0E8B615C7681} = {D640A221-F95A-40FF-AC0E-0E8B615C7681}
		{E1D9CE3F-400D-40E8-AD0D-61C29B1847FF} = {E1D9CE3F-400D-40E8-AD0D-61C29B1847FF}
		{08B82852-90B3-4767-A5D2-F0A4FCCB2377} = {08B82852-90B3-4767-A5D2-F0A4FCCB2377}
		{6E8E1663-B88D-4454-ADF2-279666A93306} = {6E8E1663-B88D-4454-ADF2-279666A93306}
		{E070AAFC-9D03-41A3-BC7D-30887EA0D50F} = {E070AAFC-9D03-41A3-BC7D-30887EA0D50F}
	EndProjectSection
EndProject
Project("{8BC9CEB8-8B4A-11D0-8D11-00A0C91BC942}") = "symbols", "symbols.vcproj", "{3E822491-B134-43B0-A40E-9348FFAB527F}"
	ProjectSection(ProjectDependencies) = postProject
		{E070AAFC-9D03-41A3-BC7D-30887EA0D50F} = {E070AAFC-9D03-41A3-BC7D-30887EA0D50F}
	EndProjectSection
EndProject
Project("{8BC9CEB8-8B4A-11D0-8D11-00A0C91BC942}") = "tabs", "tabs.vcproj", "{AE750416-51BA-485C-BD76-EF11B4536EE8}"
	ProjectSection(ProjectDependencies) = postProject
		{8AED3078-8CD8-40C9-A8FF-46080024F1EB} = {8AED3078-8CD8-40C9-A8FF-46080024F1EB}
		{E070AAFC-9D03-41A3-BC7D-30887EA0D50F} = {E070AAFC-9D03-41A3-BC7D-30887EA0D50F}
	EndProjectSection
EndProject
Project("{8BC9CEB8-8B4A-11D0-8D11-00A0C91BC942}") = "threads", "threads.vcproj", "{45236F71-7031-40BC-ADCD-0535A64C04B0}"
	ProjectSection(ProjectDependencies) = postProject
		{E070AAFC-9D03-41A3-BC7D-30887EA0D50F} = {E070AAFC-9D03-41A3-BC7D-30887EA0D50F}
	EndProjectSection
EndProject
Project("{8BC9CEB8-8B4A-11D0-8D11-00A0C91BC942}") = "tile", "tile.vcproj", "{28D24031-1A17-497A-B926-59CF78076DED}"
	ProjectSection(ProjectDependencies) = postProject
		{E070AAFC-9D03-41A3-BC7D-30887EA0D50F} = {E070AAFC-9D03-41A3-BC7D-30887EA0D50F}
	EndProjectSection
EndProject
Project("{8BC9CEB8-8B4A-11D0-8D11-00A0C91BC942}") = "tiled_image", "tiled_image.vcproj", "{23F17042-704E-4198-8017-A8584E884CF7}"
	ProjectSection(ProjectDependencies) = postProject
		{E070AAFC-9D03-41A3-BC7D-30887EA0D50F} = {E070AAFC-9D03-41A3-BC7D-30887EA0D50F}
	EndProjectSection
EndProject
Project("{8BC9CEB8-8B4A-11D0-8D11-00A0C91BC942}") = "valuators", "valuators.vcproj", "{CEE12ACB-20E4-45E4-AD5E-D15D7CFF68C3}"
	ProjectSection(ProjectDependencies) = postProject
		{8AED3078-8CD8-40C9-A8FF-46080024F1EB} = {8AED3078-8CD8-40C9-A8FF-46080024F1EB}
		{E070AAFC-9D03-41A3-BC7D-30887EA0D50F} = {E070AAFC-9D03-41A3-BC7D-30887EA0D50F}
	EndProjectSection
EndProject
Project("{8BC9CEB8-8B4A-11D0-8D11-00A0C91BC942}") = "jpeg", "jpeg.vcproj", "{08B82852-90B3-4767-A5D2-F0A4FCCB2377}"
	ProjectSection(ProjectDependencies) = postProject
	EndProjectSection
EndProject
Project("{8BC9CEB8-8B4A-11D0-8D11-00A0C91BC942}") = "zlib", "zlib.vcproj", "{E1D9CE3F-400D-40E8-AD0D-61C29B1847FF}"
	ProjectSection(ProjectDependencies) = postProject
	EndProjectSection
EndProject
Project("{8BC9CEB8-8B4A-11D0-8D11-00A0C91BC942}") = "libpng", "libpng.vcproj", "{D640A221-F95A-40FF-AC0E-0E8B615C7681}"
	ProjectSection(ProjectDependencies) = postProject
	EndProjectSection
EndProject
Project("{8BC9CEB8-8B4A-11D0-8D11-00A0C91BC942}") = "input_choice", "input_choice.vcproj", "{50651D04-C8F7-4C2B-B412-0848573BDF88}"
	ProjectSection(ProjectDependencies) = postProject
		{E070AAFC-9D03-41A3-BC7D-30887EA0D50F} = {E070AAFC-9D03-41A3-BC7D-30887EA0D50F}
	EndProjectSection
EndProject
Global
	GlobalSection(SolutionConfiguration) = preSolution
		Debug = Debug
		Release = Release
	EndGlobalSection
	GlobalSection(ProjectConfiguration) = postSolution
		{E30BB28D-DFA0-479C-B670-8CD872224B38}.Debug.ActiveCfg = Debug|Win32
		{E30BB28D-DFA0-479C-B670-8CD872224B38}.Debug.Build.0 = Debug|Win32
		{E30BB28D-DFA0-479C-B670-8CD872224B38}.Release.ActiveCfg = Release|Win32
		{E30BB28D-DFA0-479C-B670-8CD872224B38}.Release.Build.0 = Release|Win32
		{51F6CDA8-3AF3-4DDC-B412-8E5E92F3393B}.Debug.ActiveCfg = Debug|Win32
		{51F6CDA8-3AF3-4DDC-B412-8E5E92F3393B}.Debug.Build.0 = Debug|Win32
		{51F6CDA8-3AF3-4DDC-B412-8E5E92F3393B}.Release.ActiveCfg = Release|Win32
		{51F6CDA8-3AF3-4DDC-B412-8E5E92F3393B}.Release.Build.0 = Release|Win32
		{39ADA7A1-A2C1-4F0B-8B92-04E335570C27}.Debug.ActiveCfg = Debug|Win32
		{39ADA7A1-A2C1-4F0B-8B92-04E335570C27}.Debug.Build.0 = Debug|Win32
		{39ADA7A1-A2C1-4F0B-8B92-04E335570C27}.Release.ActiveCfg = Release|Win32
		{39ADA7A1-A2C1-4F0B-8B92-04E335570C27}.Release.Build.0 = Release|Win32
		{DB6BAA16-C589-448F-9AB5-5969016549EB}.Debug.ActiveCfg = Debug|Win32
		{DB6BAA16-C589-448F-9AB5-5969016549EB}.Debug.Build.0 = Debug|Win32
		{DB6BAA16-C589-448F-9AB5-5969016549EB}.Release.ActiveCfg = Release|Win32
		{DB6BAA16-C589-448F-9AB5-5969016549EB}.Release.Build.0 = Release|Win32
		{65B5BB3F-EE54-4604-B49B-7676AED83AAB}.Debug.ActiveCfg = Debug|Win32
		{65B5BB3F-EE54-4604-B49B-7676AED83AAB}.Debug.Build.0 = Debug|Win32
		{65B5BB3F-EE54-4604-B49B-7676AED83AAB}.Release.ActiveCfg = Release|Win32
		{65B5BB3F-EE54-4604-B49B-7676AED83AAB}.Release.Build.0 = Release|Win32
		{E212D4B4-63D9-4D8D-84DB-45C8BC191462}.Debug.ActiveCfg = Debug|Win32
		{E212D4B4-63D9-4D8D-84DB-45C8BC191462}.Debug.Build.0 = Debug|Win32
		{E212D4B4-63D9-4D8D-84DB-45C8BC191462}.Release.ActiveCfg = Release|Win32
		{E212D4B4-63D9-4D8D-84DB-45C8BC191462}.Release.Build.0 = Release|Win32
		{2352F92C-8663-4637-B919-D76F0A9EC05E}.Debug.ActiveCfg = Debug|Win32
		{2352F92C-8663-4637-B919-D76F0A9EC05E}.Debug.Build.0 = Debug|Win32
		{2352F92C-8663-4637-B919-D76F0A9EC05E}.Release.ActiveCfg = Release|Win32
		{2352F92C-8663-4637-B919-D76F0A9EC05E}.Release.Build.0 = Release|Win32
		{0363AC35-F325-4C24-9DB9-E83337D55787}.Debug.ActiveCfg = Debug|Win32
		{0363AC35-F325-4C24-9DB9-E83337D55787}.Debug.Build.0 = Debug|Win32
		{0363AC35-F325-4C24-9DB9-E83337D55787}.Release.ActiveCfg = Release|Win32
		{0363AC35-F325-4C24-9DB9-E83337D55787}.Release.Build.0 = Release|Win32
		{67CE1C24-B0C0-4CD6-8D0F-68513C2398B9}.Debug.ActiveCfg = Debug|Win32
		{67CE1C24-B0C0-4CD6-8D0F-68513C2398B9}.Debug.Build.0 = Debug|Win32
		{67CE1C24-B0C0-4CD6-8D0F-68513C2398B9}.Release.ActiveCfg = Release|Win32
		{67CE1C24-B0C0-4CD6-8D0F-68513C2398B9}.Release.Build.0 = Release|Win32
		{92EEF887-8305-4D00-86B7-D3F98CC7AD87}.Debug.ActiveCfg = Debug|Win32
		{92EEF887-8305-4D00-86B7-D3F98CC7AD87}.Debug.Build.0 = Debug|Win32
		{92EEF887-8305-4D00-86B7-D3F98CC7AD87}.Release.ActiveCfg = Release|Win32
		{92EEF887-8305-4D00-86B7-D3F98CC7AD87}.Release.Build.0 = Release|Win32
		{122160ED-446E-4B15-8CB4-A2058DC7269A}.Debug.ActiveCfg = Debug|Win32
		{122160ED-446E-4B15-8CB4-A2058DC7269A}.Debug.Build.0 = Debug|Win32
		{122160ED-446E-4B15-8CB4-A2058DC7269A}.Release.ActiveCfg = Release|Win32
		{122160ED-446E-4B15-8CB4-A2058DC7269A}.Release.Build.0 = Release|Win32
		{D0BC7525-99E7-4247-B860-1B3CF2FF8165}.Debug.ActiveCfg = Debug|Win32
		{D0BC7525-99E7-4247-B860-1B3CF2FF8165}.Debug.Build.0 = Debug|Win32
		{D0BC7525-99E7-4247-B860-1B3CF2FF8165}.Release.ActiveCfg = Release|Win32
		{D0BC7525-99E7-4247-B860-1B3CF2FF8165}.Release.Build.0 = Release|Win32
		{BDACB9FC-6769-4A2D-A636-36CC25E3AC75}.Debug.ActiveCfg = Debug|Win32
		{BDACB9FC-6769-4A2D-A636-36CC25E3AC75}.Debug.Build.0 = Debug|Win32
		{BDACB9FC-6769-4A2D-A636-36CC25E3AC75}.Release.ActiveCfg = Release|Win32
		{BDACB9FC-6769-4A2D-A636-36CC25E3AC75}.Release.Build.0 = Release|Win32
		{0973844B-3E5F-4C38-95FF-E8935243D287}.Debug.ActiveCfg = Debug|Win32
		{0973844B-3E5F-4C38-95FF-E8935243D287}.Debug.Build.0 = Debug|Win32
		{0973844B-3E5F-4C38-95FF-E8935243D287}.Release.ActiveCfg = Release|Win32
		{0973844B-3E5F-4C38-95FF-E8935243D287}.Release.Build.0 = Release|Win32
		{0D1DB0EE-E997-4550-85D4-BDE209B75AD6}.Debug.ActiveCfg = Debug|Win32
		{0D1DB0EE-E997-4550-85D4-BDE209B75AD6}.Debug.Build.0 = Debug|Win32
		{0D1DB0EE-E997-4550-85D4-BDE209B75AD6}.Release.ActiveCfg = Release|Win32
		{0D1DB0EE-E997-4550-85D4-BDE209B75AD6}.Release.Build.0 = Release|Win32
		{27D45BA6-A403-4A71-B6D6-57DC0CEDCE15}.Debug.ActiveCfg = Debug|Win32
		{27D45BA6-A403-4A71-B6D6-57DC0CEDCE15}.Debug.Build.0 = Debug|Win32
		{27D45BA6-A403-4A71-B6D6-57DC0CEDCE15}.Release.ActiveCfg = Release|Win32
		{27D45BA6-A403-4A71-B6D6-57DC0CEDCE15}.Release.Build.0 = Release|Win32
		{09427220-8C9C-498A-8D50-1638D3FB87E5}.Debug.ActiveCfg = Debug|Win32
		{09427220-8C9C-498A-8D50-1638D3FB87E5}.Debug.Build.0 = Debug|Win32
		{09427220-8C9C-498A-8D50-1638D3FB87E5}.Release.ActiveCfg = Release|Win32
		{09427220-8C9C-498A-8D50-1638D3FB87E5}.Release.Build.0 = Release|Win32
		{EDDBF169-77C1-496E-9EFE-E500107E6E97}.Debug.ActiveCfg = Debug|Win32
		{EDDBF169-77C1-496E-9EFE-E500107E6E97}.Debug.Build.0 = Debug|Win32
		{EDDBF169-77C1-496E-9EFE-E500107E6E97}.Release.ActiveCfg = Release|Win32
		{EDDBF169-77C1-496E-9EFE-E500107E6E97}.Release.Build.0 = Release|Win32
		{0BDAEBF1-7A8D-434B-A543-4663464E972D}.Debug.ActiveCfg = Debug|Win32
		{0BDAEBF1-7A8D-434B-A543-4663464E972D}.Debug.Build.0 = Debug|Win32
		{0BDAEBF1-7A8D-434B-A543-4663464E972D}.Release.ActiveCfg = Release|Win32
		{0BDAEBF1-7A8D-434B-A543-4663464E972D}.Release.Build.0 = Release|Win32
		{2D29D6C9-B4A6-444C-A311-106A9C8A986F}.Debug.ActiveCfg = Debug|Win32
		{2D29D6C9-B4A6-444C-A311-106A9C8A986F}.Debug.Build.0 = Debug|Win32
		{2D29D6C9-B4A6-444C-A311-106A9C8A986F}.Release.ActiveCfg = Release|Win32
		{2D29D6C9-B4A6-444C-A311-106A9C8A986F}.Release.Build.0 = Release|Win32
		{6927F349-29DF-4D60-BC8F-5A3F5E133735}.Debug.ActiveCfg = Debug|Win32
		{6927F349-29DF-4D60-BC8F-5A3F5E133735}.Debug.Build.0 = Debug|Win32
		{6927F349-29DF-4D60-BC8F-5A3F5E133735}.Release.ActiveCfg = Release|Win32
		{6927F349-29DF-4D60-BC8F-5A3F5E133735}.Release.Build.0 = Release|Win32
		{E070AAFC-9D03-41A3-BC7D-30887EA0D50F}.Debug.ActiveCfg = Debug|Win32
		{E070AAFC-9D03-41A3-BC7D-30887EA0D50F}.Debug.Build.0 = Debug|Win32
		{E070AAFC-9D03-41A3-BC7D-30887EA0D50F}.Release.ActiveCfg = Release|Win32
		{E070AAFC-9D03-41A3-BC7D-30887EA0D50F}.Release.Build.0 = Release|Win32
		{F0B8F4BD-955D-43CB-980C-805364D04A25}.Debug.ActiveCfg = Debug|Win32
		{F0B8F4BD-955D-43CB-980C-805364D04A25}.Debug.Build.0 = Debug|Win32
		{F0B8F4BD-955D-43CB-980C-805364D04A25}.Release.ActiveCfg = Release|Win32
		{F0B8F4BD-955D-43CB-980C-805364D04A25}.Release.Build.0 = Release|Win32
		{C17BAB42-F00B-4F71-9DF6-A921511C89EE}.Debug.ActiveCfg = Debug|Win32
		{C17BAB42-F00B-4F71-9DF6-A921511C89EE}.Debug.Build.0 = Debug|Win32
		{C17BAB42-F00B-4F71-9DF6-A921511C89EE}.Release.ActiveCfg = Release|Win32
		{C17BAB42-F00B-4F71-9DF6-A921511C89EE}.Release.Build.0 = Release|Win32
		{F7974A9C-C255-4385-96BC-E24EE0816F7C}.Debug.ActiveCfg = Debug|Win32
		{F7974A9C-C255-4385-96BC-E24EE0816F7C}.Debug.Build.0 = Debug|Win32
		{F7974A9C-C255-4385-96BC-E24EE0816F7C}.Release.ActiveCfg = Release|Win32
		{F7974A9C-C255-4385-96BC-E24EE0816F7C}.Release.Build.0 = Release|Win32
		{6E8E1663-B88D-4454-ADF2-279666A93306}.Debug.ActiveCfg = Debug|Win32
		{6E8E1663-B88D-4454-ADF2-279666A93306}.Debug.Build.0 = Debug|Win32
		{6E8E1663-B88D-4454-ADF2-279666A93306}.Release.ActiveCfg = Release|Win32
		{6E8E1663-B88D-4454-ADF2-279666A93306}.Release.Build.0 = Release|Win32
		{8AED3078-8CD8-40C9-A8FF-46080024F1EB}.Debug.ActiveCfg = Debug|Win32
		{8AED3078-8CD8-40C9-A8FF-46080024F1EB}.Debug.Build.0 = Debug|Win32
		{8AED3078-8CD8-40C9-A8FF-46080024F1EB}.Release.ActiveCfg = Release|Win32
		{8AED3078-8CD8-40C9-A8FF-46080024F1EB}.Release.Build.0 = Release|Win32
		{DF2A883A-7356-4603-9CB1-E8F1E6B1549D}.Debug.ActiveCfg = Debug|Win32
		{DF2A883A-7356-4603-9CB1-E8F1E6B1549D}.Debug.Build.0 = Debug|Win32
		{DF2A883A-7356-4603-9CB1-E8F1E6B1549D}.Release.ActiveCfg = Release|Win32
		{DF2A883A-7356-4603-9CB1-E8F1E6B1549D}.Release.Build.0 = Release|Win32
		{B1749154-F87B-489D-B4B0-ABD5ED20A96F}.Debug.ActiveCfg = Debug|Win32
		{B1749154-F87B-489D-B4B0-ABD5ED20A96F}.Debug.Build.0 = Debug|Win32
		{B1749154-F87B-489D-B4B0-ABD5ED20A96F}.Release.ActiveCfg = Release|Win32
		{B1749154-F87B-489D-B4B0-ABD5ED20A96F}.Release.Build.0 = Release|Win32
		{58A83386-65E6-4F22-8712-8B6B7E62913D}.Debug.ActiveCfg = Debug|Win32
		{58A83386-65E6-4F22-8712-8B6B7E62913D}.Debug.Build.0 = Debug|Win32
		{58A83386-65E6-4F22-8712-8B6B7E62913D}.Release.ActiveCfg = Release|Win32
		{58A83386-65E6-4F22-8712-8B6B7E62913D}.Release.Build.0 = Release|Win32
		{2147B9FD-7D65-4854-9770-D7B8767DB9AE}.Debug.ActiveCfg = Debug|Win32
		{2147B9FD-7D65-4854-9770-D7B8767DB9AE}.Debug.Build.0 = Debug|Win32
		{2147B9FD-7D65-4854-9770-D7B8767DB9AE}.Release.ActiveCfg = Release|Win32
		{2147B9FD-7D65-4854-9770-D7B8767DB9AE}.Release.Build.0 = Release|Win32
		{8D8D210D-F628-48BB-9127-D8003DF22018}.Debug.ActiveCfg = Debug|Win32
		{8D8D210D-F628-48BB-9127-D8003DF22018}.Debug.Build.0 = Debug|Win32
		{8D8D210D-F628-48BB-9127-D8003DF22018}.Release.ActiveCfg = Release|Win32
		{8D8D210D-F628-48BB-9127-D8003DF22018}.Release.Build.0 = Release|Win32
		{BFE8CC78-6B58-4305-A096-796A3088BB26}.Debug.ActiveCfg = Debug|Win32
		{BFE8CC78-6B58-4305-A096-796A3088BB26}.Debug.Build.0 = Debug|Win32
		{BFE8CC78-6B58-4305-A096-796A3088BB26}.Release.ActiveCfg = Release|Win32
		{BFE8CC78-6B58-4305-A096-796A3088BB26}.Release.Build.0 = Release|Win32
		{ADA2462A-3656-41D2-B8A8-8D942AA0F8E9}.Debug.ActiveCfg = Debug|Win32
		{ADA2462A-3656-41D2-B8A8-8D942AA0F8E9}.Debug.Build.0 = Debug|Win32
		{ADA2462A-3656-41D2-B8A8-8D942AA0F8E9}.Release.ActiveCfg = Release|Win32
		{ADA2462A-3656-41D2-B8A8-8D942AA0F8E9}.Release.Build.0 = Release|Win32
		{9F3F86DA-3CC5-481F-8201-166933B5C8FF}.Debug.ActiveCfg = Debug|Win32
		{9F3F86DA-3CC5-481F-8201-166933B5C8FF}.Debug.Build.0 = Debug|Win32
		{9F3F86DA-3CC5-481F-8201-166933B5C8FF}.Release.ActiveCfg = Release|Win32
		{9F3F86DA-3CC5-481F-8201-166933B5C8FF}.Release.Build.0 = Release|Win32
		{37C32832-DCE4-4BAA-9306-826064B30CCB}.Debug.ActiveCfg = Debug|Win32
		{37C32832-DCE4-4BAA-9306-826064B30CCB}.Debug.Build.0 = Debug|Win32
		{37C32832-DCE4-4BAA-9306-826064B30CCB}.Release.ActiveCfg = Release|Win32
		{37C32832-DCE4-4BAA-9306-826064B30CCB}.Release.Build.0 = Release|Win32
		{3322F289-B025-4DB1-A7D1-FBA3840F8A0B}.Debug.ActiveCfg = Debug|Win32
		{3322F289-B025-4DB1-A7D1-FBA3840F8A0B}.Debug.Build.0 = Debug|Win32
		{3322F289-B025-4DB1-A7D1-FBA3840F8A0B}.Release.ActiveCfg = Release|Win32
		{3322F289-B025-4DB1-A7D1-FBA3840F8A0B}.Release.Build.0 = Release|Win32
		{B5271094-DE51-4E60-B4FA-D8F0BDB969FE}.Debug.ActiveCfg = Debug|Win32
		{B5271094-DE51-4E60-B4FA-D8F0BDB969FE}.Debug.Build.0 = Debug|Win32
		{B5271094-DE51-4E60-B4FA-D8F0BDB969FE}.Release.ActiveCfg = Release|Win32
		{B5271094-DE51-4E60-B4FA-D8F0BDB969FE}.Release.Build.0 = Release|Win32
		{1C1B5A00-5F5D-4290-A07B-8A5A4A78570A}.Debug.ActiveCfg = Debug|Win32
		{1C1B5A00-5F5D-4290-A07B-8A5A4A78570A}.Debug.Build.0 = Debug|Win32
		{1C1B5A00-5F5D-4290-A07B-8A5A4A78570A}.Release.ActiveCfg = Release|Win32
		{1C1B5A00-5F5D-4290-A07B-8A5A4A78570A}.Release.Build.0 = Release|Win32
		{4DFA9F84-0457-4FE4-8008-283270610487}.Debug.ActiveCfg = Debug|Win32
		{4DFA9F84-0457-4FE4-8008-283270610487}.Debug.Build.0 = Debug|Win32
		{4DFA9F84-0457-4FE4-8008-283270610487}.Release.ActiveCfg = Release|Win32
		{4DFA9F84-0457-4FE4-8008-283270610487}.Release.Build.0 = Release|Win32
		{C3E7B77C-EED2-4046-9A30-9446C6F096A0}.Debug.ActiveCfg = Debug|Win32
		{C3E7B77C-EED2-4046-9A30-9446C6F096A0}.Debug.Build.0 = Debug|Win32
		{C3E7B77C-EED2-4046-9A30-9446C6F096A0}.Release.ActiveCfg = Release|Win32
		{C3E7B77C-EED2-4046-9A30-9446C6F096A0}.Release.Build.0 = Release|Win32
		{8B25CCE0-0988-4999-AE65-5A5EE31BB44D}.Debug.ActiveCfg = Debug|Win32
		{8B25CCE0-0988-4999-AE65-5A5EE31BB44D}.Debug.Build.0 = Debug|Win32
		{8B25CCE0-0988-4999-AE65-5A5EE31BB44D}.Release.ActiveCfg = Release|Win32
		{8B25CCE0-0988-4999-AE65-5A5EE31BB44D}.Release.Build.0 = Release|Win32
		{7BBECC0F-9381-4BF2-87CA-3FD1DA93DEAF}.Debug.ActiveCfg = Debug|Win32
		{7BBECC0F-9381-4BF2-87CA-3FD1DA93DEAF}.Debug.Build.0 = Debug|Win32
		{7BBECC0F-9381-4BF2-87CA-3FD1DA93DEAF}.Release.ActiveCfg = Release|Win32
		{7BBECC0F-9381-4BF2-87CA-3FD1DA93DEAF}.Release.Build.0 = Release|Win32
		{78079B1F-152B-4E83-87CB-364586AB3AAC}.Debug.ActiveCfg = Debug|Win32
		{78079B1F-152B-4E83-87CB-364586AB3AAC}.Debug.Build.0 = Debug|Win32
		{78079B1F-152B-4E83-87CB-364586AB3AAC}.Release.ActiveCfg = Release|Win32
		{78079B1F-152B-4E83-87CB-364586AB3AAC}.Release.Build.0 = Release|Win32
		{E1A8934E-CB8D-4F74-B78A-EC7952BC4CBE}.Debug.ActiveCfg = Debug|Win32
		{E1A8934E-CB8D-4F74-B78A-EC7952BC4CBE}.Debug.Build.0 = Debug|Win32
		{E1A8934E-CB8D-4F74-B78A-EC7952BC4CBE}.Release.ActiveCfg = Release|Win32
		{E1A8934E-CB8D-4F74-B78A-EC7952BC4CBE}.Release.Build.0 = Release|Win32
		{F658ABE4-7FE1-4404-9B7C-55E0D660F1B3}.Debug.ActiveCfg = Debug|Win32
		{F658ABE4-7FE1-4404-9B7C-55E0D660F1B3}.Debug.Build.0 = Debug|Win32
		{F658ABE4-7FE1-4404-9B7C-55E0D660F1B3}.Release.ActiveCfg = Release|Win32
		{F658ABE4-7FE1-4404-9B7C-55E0D660F1B3}.Release.Build.0 = Release|Win32
		{AA0ED6EA-2DA3-4486-AFBD-76CC9D206A1E}.Debug.ActiveCfg = Debug|Win32
		{AA0ED6EA-2DA3-4486-AFBD-76CC9D206A1E}.Debug.Build.0 = Debug|Win32
		{AA0ED6EA-2DA3-4486-AFBD-76CC9D206A1E}.Release.ActiveCfg = Release|Win32
		{AA0ED6EA-2DA3-4486-AFBD-76CC9D206A1E}.Release.Build.0 = Release|Win32
		{1CA77C94-5785-4B38-B91A-1EAFBD885BC2}.Debug.ActiveCfg = Debug|Win32
		{1CA77C94-5785-4B38-B91A-1EAFBD885BC2}.Debug.Build.0 = Debug|Win32
		{1CA77C94-5785-4B38-B91A-1EAFBD885BC2}.Release.ActiveCfg = Release|Win32
		{1CA77C94-5785-4B38-B91A-1EAFBD885BC2}.Release.Build.0 = Release|Win32
		{3B0BF144-5D75-4D4A-BF75-7347186C808F}.Debug.ActiveCfg = Debug|Win32
		{3B0BF144-5D75-4D4A-BF75-7347186C808F}.Debug.Build.0 = Debug|Win32
		{3B0BF144-5D75-4D4A-BF75-7347186C808F}.Release.ActiveCfg = Release|Win32
		{3B0BF144-5D75-4D4A-BF75-7347186C808F}.Release.Build.0 = Release|Win32
		{CEB7B88B-3AA5-4DD6-818F-CF19E12BF1E1}.Debug.ActiveCfg = Debug|Win32
		{CEB7B88B-3AA5-4DD6-818F-CF19E12BF1E1}.Debug.Build.0 = Debug|Win32
		{CEB7B88B-3AA5-4DD6-818F-CF19E12BF1E1}.Release.ActiveCfg = Release|Win32
		{CEB7B88B-3AA5-4DD6-818F-CF19E12BF1E1}.Release.Build.0 = Release|Win32
		{1CD667DD-E7AE-4F36-A1F7-F41FB59786BE}.Debug.ActiveCfg = Debug|Win32
		{1CD667DD-E7AE-4F36-A1F7-F41FB59786BE}.Debug.Build.0 = Debug|Win32
		{1CD667DD-E7AE-4F36-A1F7-F41FB59786BE}.Release.ActiveCfg = Release|Win32
		{1CD667DD-E7AE-4F36-A1F7-F41FB59786BE}.Release.Build.0 = Release|Win32
		{289C605C-94CC-437F-836B-2FE41528EEEC}.Debug.ActiveCfg = Debug|Win32
		{289C605C-94CC-437F-836B-2FE41528EEEC}.Debug.Build.0 = Debug|Win32
		{289C605C-94CC-437F-836B-2FE41528EEEC}.Release.ActiveCfg = Release|Win32
		{289C605C-94CC-437F-836B-2FE41528EEEC}.Release.Build.0 = Release|Win32
		{D04E36D7-1C68-43E6-BE30-A7793CE3C799}.Debug.ActiveCfg = Debug|Win32
		{D04E36D7-1C68-43E6-BE30-A7793CE3C799}.Debug.Build.0 = Debug|Win32
		{D04E36D7-1C68-43E6-BE30-A7793CE3C799}.Release.ActiveCfg = Release|Win32
		{D04E36D7-1C68-43E6-BE30-A7793CE3C799}.Release.Build.0 = Release|Win32
		{AD5ACED4-F6EE-4AC0-B502-23CFD10EF603}.Debug.ActiveCfg = Debug|Win32
		{AD5ACED4-F6EE-4AC0-B502-23CFD10EF603}.Debug.Build.0 = Debug|Win32
		{AD5ACED4-F6EE-4AC0-B502-23CFD10EF603}.Release.ActiveCfg = Release|Win32
		{AD5ACED4-F6EE-4AC0-B502-23CFD10EF603}.Release.Build.0 = Release|Win32
		{46771042-C840-4314-BA3C-C5BC2FBD7CBB}.Debug.ActiveCfg = Debug|Win32
		{46771042-C840-4314-BA3C-C5BC2FBD7CBB}.Debug.Build.0 = Debug|Win32
		{46771042-C840-4314-BA3C-C5BC2FBD7CBB}.Release.ActiveCfg = Release|Win32
		{46771042-C840-4314-BA3C-C5BC2FBD7CBB}.Release.Build.0 = Release|Win32
		{2E03AF33-56A1-4366-B016-184CD96F3B56}.Debug.ActiveCfg = Debug|Win32
		{2E03AF33-56A1-4366-B016-184CD96F3B56}.Debug.Build.0 = Debug|Win32
		{2E03AF33-56A1-4366-B016-184CD96F3B56}.Release.ActiveCfg = Release|Win32
		{2E03AF33-56A1-4366-B016-184CD96F3B56}.Release.Build.0 = Release|Win32
		{97541B63-87AA-4ACE-BBF5-175F8D1389EC}.Debug.ActiveCfg = Debug|Win32
		{97541B63-87AA-4ACE-BBF5-175F8D1389EC}.Debug.Build.0 = Debug|Win32
		{97541B63-87AA-4ACE-BBF5-175F8D1389EC}.Release.ActiveCfg = Release|Win32
		{97541B63-87AA-4ACE-BBF5-175F8D1389EC}.Release.Build.0 = Release|Win32
		{45797F58-624B-4FA0-A7A3-5956114D8215}.Debug.ActiveCfg = Debug|Win32
		{45797F58-624B-4FA0-A7A3-5956114D8215}.Debug.Build.0 = Debug|Win32
		{45797F58-624B-4FA0-A7A3-5956114D8215}.Release.ActiveCfg = Release|Win32
		{45797F58-624B-4FA0-A7A3-5956114D8215}.Release.Build.0 = Release|Win32
		{7A2467D2-B03A-4964-A289-EF233EB39F69}.Debug.ActiveCfg = Debug|Win32
		{7A2467D2-B03A-4964-A289-EF233EB39F69}.Debug.Build.0 = Debug|Win32
		{7A2467D2-B03A-4964-A289-EF233EB39F69}.Release.ActiveCfg = Release|Win32
		{7A2467D2-B03A-4964-A289-EF233EB39F69}.Release.Build.0 = Release|Win32
		{AE750416-51BA-485C-BD76-EF11B4536EE8}.Debug.ActiveCfg = Debug|Win32
		{AE750416-51BA-485C-BD76-EF11B4536EE8}.Debug.Build.0 = Debug|Win32
		{AE750416-51BA-485C-BD76-EF11B4536EE8}.Release.ActiveCfg = Release|Win32
		{AE750416-51BA-485C-BD76-EF11B4536EE8}.Release.Build.0 = Release|Win32
		{3E822491-B134-43B0-A40E-9348FFAB527F}.Debug.ActiveCfg = Debug|Win32
		{3E822491-B134-43B0-A40E-9348FFAB527F}.Debug.Build.0 = Debug|Win32
		{3E822491-B134-43B0-A40E-9348FFAB527F}.Release.ActiveCfg = Release|Win32
		{3E822491-B134-43B0-A40E-9348FFAB527F}.Release.Build.0 = Release|Win32
		{AE750416-51BA-485C-BD76-EF11B4536EE8}.Debug.ActiveCfg = Debug|Win32
		{AE750416-51BA-485C-BD76-EF11B4536EE8}.Debug.Build.0 = Debug|Win32
		{AE750416-51BA-485C-BD76-EF11B4536EE8}.Release.ActiveCfg = Release|Win32
		{AE750416-51BA-485C-BD76-EF11B4536EE8}.Release.Build.0 = Release|Win32
		{45236F71-7031-40BC-ADCD-0535A64C04B0}.Debug.ActiveCfg = Debug|Win32
		{45236F71-7031-40BC-ADCD-0535A64C04B0}.Debug.Build.0 = Debug|Win32
		{45236F71-7031-40BC-ADCD-0535A64C04B0}.Release.ActiveCfg = Release|Win32
		{45236F71-7031-40BC-ADCD-0535A64C04B0}.Release.Build.0 = Release|Win32
		{28D24031-1A17-497A-B926-59CF78076DED}.Debug.ActiveCfg = Debug|Win32
		{28D24031-1A17-497A-B926-59CF78076DED}.Debug.Build.0 = Debug|Win32
		{28D24031-1A17-497A-B926-59CF78076DED}.Release.ActiveCfg = Release|Win32
		{28D24031-1A17-497A-B926-59CF78076DED}.Release.Build.0 = Release|Win32
		{23F17042-704E-4198-8017-A8584E884CF7}.Debug.ActiveCfg = Debug|Win32
		{23F17042-704E-4198-8017-A8584E884CF7}.Debug.Build.0 = Debug|Win32
		{23F17042-704E-4198-8017-A8584E884CF7}.Release.ActiveCfg = Release|Win32
		{23F17042-704E-4198-8017-A8584E884CF7}.Release.Build.0 = Release|Win32
		{CEE12ACB-20E4-45E4-AD5E-D15D7CFF68C3}.Debug.ActiveCfg = Debug|Win32
		{CEE12ACB-20E4-45E4-AD5E-D15D7CFF68C3}.Debug.Build.0 = Debug|Win32
		{CEE12ACB-20E4-45E4-AD5E-D15D7CFF68C3}.Release.ActiveCfg = Release|Win32
		{CEE12ACB-20E4-45E4-AD5E-D15D7CFF68C3}.Release.Build.0 = Release|Win32
		{08B82852-90B3-4767-A5D2-F0A4FCCB2377}.Debug.ActiveCfg = Debug|Win32
		{08B82852-90B3-4767-A5D2-F0A4FCCB2377}.Debug.Build.0 = Debug|Win32
		{08B82852-90B3-4767-A5D2-F0A4FCCB2377}.Release.ActiveCfg = Release|Win32
		{08B82852-90B3-4767-A5D2-F0A4FCCB2377}.Release.Build.0 = Release|Win32
		{E1D9CE3F-400D-40E8-AD0D-61C29B1847FF}.Debug.ActiveCfg = Debug|Win32
		{E1D9CE3F-400D-40E8-AD0D-61C29B1847FF}.Debug.Build.0 = Debug|Win32
		{E1D9CE3F-400D-40E8-AD0D-61C29B1847FF}.Release.ActiveCfg = Release|Win32
		{E1D9CE3F-400D-40E8-AD0D-61C29B1847FF}.Release.Build.0 = Release|Win32
		{D640A221-F95A-40FF-AC0E-0E8B615C7681}.Debug.ActiveCfg = Debug|Win32
		{D640A221-F95A-40FF-AC0E-0E8B615C7681}.Debug.Build.0 = Debug|Win32
		{D640A221-F95A-40FF-AC0E-0E8B615C7681}.Release.ActiveCfg = Release|Win32
		{D640A221-F95A-40FF-AC0E-0E8B615C7681}.Release.Build.0 = Release|Win32
		{50651D04-C8F7-4C2B-B412-0848573BDF88}.Debug.ActiveCfg = Debug|Win32
		{50651D04-C8F7-4C2B-B412-0848573BDF88}.Debug.Build.0 = Debug|Win32
		{50651D04-C8F7-4C2B-B412-0848573BDF88}.Release.ActiveCfg = Release|Win32
		{50651D04-C8F7-4C2B-B412-0848573BDF88}.Release.Build.0 = Release|Win32
	EndGlobalSection
	GlobalSection(ExtensibilityGlobals) = postSolution
	EndGlobalSection
	GlobalSection(ExtensibilityAddIns) = postSolution
	EndGlobalSection
EndGlobal
