Microsoft Visual Studio Solution File, Format Version 11.00
# Visual C++ Express 2010
Project("{8BC9CEB8-8B4A-11D0-8D11-00A0C91BC942}") = "demo", "demo.vcxproj", "{09427220-8C9C-498A-8D50-1638D3FB87E5}"
	ProjectSection(ProjectDependencies) = postProject
		{BA275A4C-FD92-4AC2-8996-1A32E9BC4E3A} = {BA275A4C-FD92-4AC2-8996-1A32E9BC4E3A}
		{9CF889F1-AEFE-43BA-BA18-B2B09EF8ADEE} = {9CF889F1-AEFE-43BA-BA18-B2B09EF8ADEE}
	EndProjectSection
EndProject
Project("{8BC9CEB8-8B4A-11D0-8D11-00A0C91BC942}") = "adjuster", "adjuster.vcxproj", "{51F6CDA8-3AF3-4DDC-B412-8E5E92F3393B}"
EndProject
Project("{8BC9CEB8-8B4A-11D0-8D11-00A0C91BC942}") = "arc", "arc.vcxproj", "{39ADA7A1-A2C1-4F0B-8B92-04E335570C27}"
EndProject
Project("{8BC9CEB8-8B4A-11D0-8D11-00A0C91BC942}") = "ask", "ask.vcxproj", "{DB6BAA16-C589-448F-9AB5-5969016549EB}"
EndProject
Project("{8BC9CEB8-8B4A-11D0-8D11-00A0C91BC942}") = "bitmap", "bitmap.vcxproj", "{65B5BB3F-EE54-4604-B49B-7676AED83AAB}"
EndProject
Project("{8BC9CEB8-8B4A-11D0-8D11-00A0C91BC942}") = "boxtype", "boxtype.vcxproj", "{E212D4B4-63D9-4D8D-84DB-45C8BC191462}"
EndProject
Project("{8BC9CEB8-8B4A-11D0-8D11-00A0C91BC942}") = "browser", "browser.vcxproj", "{2352F92C-8663-4637-B919-D76F0A9EC05E}"
EndProject
Project("{8BC9CEB8-8B4A-11D0-8D11-00A0C91BC942}") = "button", "button.vcxproj", "{0363AC35-F325-4C24-9DB9-E83337D55787}"
EndProject
Project("{8BC9CEB8-8B4A-11D0-8D11-00A0C91BC942}") = "buttons", "buttons.vcxproj", "{67CE1C24-B0C0-4CD6-8D0F-68513C2398B9}"
EndProject
Project("{8BC9CEB8-8B4A-11D0-8D11-00A0C91BC942}") = "checkers", "checkers.vcxproj", "{92EEF887-8305-4D00-86B7-D3F98CC7AD87}"
EndProject
Project("{8BC9CEB8-8B4A-11D0-8D11-00A0C91BC942}") = "clock", "clock.vcxproj", "{122160ED-446E-4B15-8CB4-A2058DC7269A}"
EndProject
Project("{8BC9CEB8-8B4A-11D0-8D11-00A0C91BC942}") = "colbrowser", "colbrowser.vcxproj", "{D0BC7525-99E7-4247-B860-1B3CF2FF8165}"
EndProject
Project("{8BC9CEB8-8B4A-11D0-8D11-00A0C91BC942}") = "color_chooser", "color_chooser.vcxproj", "{BDACB9FC-6769-4A2D-A636-36CC25E3AC75}"
EndProject
Project("{8BC9CEB8-8B4A-11D0-8D11-00A0C91BC942}") = "cube", "cube.vcxproj", "{0973844B-3E5F-4C38-95FF-E8935243D287}"
EndProject
Project("{8BC9CEB8-8B4A-11D0-8D11-00A0C91BC942}") = "CubeView", "CubeView.vcxproj", "{E30BB28D-DFA0-479C-B670-8CD872224B38}"
EndProject
Project("{8BC9CEB8-8B4A-11D0-8D11-00A0C91BC942}") = "cursor", "cursor.vcxproj", "{0D1DB0EE-E997-4550-85D4-BDE209B75AD6}"
EndProject
Project("{8BC9CEB8-8B4A-11D0-8D11-00A0C91BC942}") = "curve", "curve.vcxproj", "{27D45BA6-A403-4A71-B6D6-57DC0CEDCE15}"
EndProject
Project("{8BC9CEB8-8B4A-11D0-8D11-00A0C91BC942}") = "doublebuffer", "doublebuffer.vcxproj", "{EDDBF169-77C1-496E-9EFE-E500107E6E97}"
EndProject
Project("{8BC9CEB8-8B4A-11D0-8D11-00A0C91BC942}") = "editor", "editor.vcxproj", "{0BDAEBF1-7A8D-434B-A543-4663464E972D}"
EndProject
Project("{8BC9CEB8-8B4A-11D0-8D11-00A0C91BC942}") = "fast_slow", "fast_slow.vcxproj", "{2D29D6C9-B4A6-444C-A311-106A9C8A986F}"
EndProject
Project("{8BC9CEB8-8B4A-11D0-8D11-00A0C91BC942}") = "file_chooser", "file_chooser.vcxproj", "{6927F349-29DF-4D60-BC8F-5A3F5E133735}"
EndProject
Project("{8BC9CEB8-8B4A-11D0-8D11-00A0C91BC942}") = "fltk", "fltk.lib.vcxproj", "{E070AAFC-9D03-41A3-BC7D-30887EA0D50F}"
	ProjectSection(ProjectDependencies) = postProject
		{D640A221-F95A-40FF-AC0E-0E8B615C7681} = {D640A221-F95A-40FF-AC0E-0E8B615C7681}
		{08B82852-90B3-4767-A5D2-F0A4FCCB2377} = {08B82852-90B3-4767-A5D2-F0A4FCCB2377}
	EndProjectSection
EndProject
Project("{8BC9CEB8-8B4A-11D0-8D11-00A0C91BC942}") = "fltkdll", "fltkdll.vcxproj", "{F0B8F4BD-955D-43CB-980C-805364D04A25}"
EndProject
Project("{8BC9CEB8-8B4A-11D0-8D11-00A0C91BC942}") = "fltkforms", "fltkforms.vcxproj", "{C17BAB42-F00B-4F71-9DF6-A921511C89EE}"
EndProject
Project("{8BC9CEB8-8B4A-11D0-8D11-00A0C91BC942}") = "fltkgl", "fltkgl.vcxproj", "{F7974A9C-C255-4385-96BC-E24EE0816F7C}"
EndProject
Project("{8BC9CEB8-8B4A-11D0-8D11-00A0C91BC942}") = "fltkimages", "fltkimages.vcxproj", "{6E8E1663-B88D-4454-ADF2-279666A93306}"
EndProject
Project("{8BC9CEB8-8B4A-11D0-8D11-00A0C91BC942}") = "fluid", "fluid.vcxproj", "{8AED3078-8CD8-40C9-A8FF-46080024F1EB}"
	ProjectSection(ProjectDependencies) = postProject
		{F0B8F4BD-955D-43CB-980C-805364D04A25} = {F0B8F4BD-955D-43CB-980C-805364D04A25}
	EndProjectSection
EndProject
Project("{8BC9CEB8-8B4A-11D0-8D11-00A0C91BC942}") = "fonts", "fonts.vcxproj", "{DF2A883A-7356-4603-9CB1-E8F1E6B1549D}"
EndProject
Project("{8BC9CEB8-8B4A-11D0-8D11-00A0C91BC942}") = "forms", "forms.vcxproj", "{B1749154-F87B-489D-B4B0-ABD5ED20A96F}"
EndProject
Project("{8BC9CEB8-8B4A-11D0-8D11-00A0C91BC942}") = "fractals", "fractals.vcxproj", "{58A83386-65E6-4F22-8712-8B6B7E62913D}"
EndProject
Project("{8BC9CEB8-8B4A-11D0-8D11-00A0C91BC942}") = "fullscreen", "fullscreen.vcxproj", "{2147B9FD-7D65-4854-9770-D7B8767DB9AE}"
EndProject
Project("{8BC9CEB8-8B4A-11D0-8D11-00A0C91BC942}") = "gl_overlay", "gl_overlay.vcxproj", "{8D8D210D-F628-48BB-9127-D8003DF22018}"
EndProject
Project("{8BC9CEB8-8B4A-11D0-8D11-00A0C91BC942}") = "glpuzzle", "glpuzzle.vcxproj", "{BFE8CC78-6B58-4305-A096-796A3088BB26}"
EndProject
Project("{8BC9CEB8-8B4A-11D0-8D11-00A0C91BC942}") = "hello", "hello.vcxproj", "{ADA2462A-3656-41D2-B8A8-8D942AA0F8E9}"
EndProject
Project("{8BC9CEB8-8B4A-11D0-8D11-00A0C91BC942}") = "help", "help.vcxproj", "{9F3F86DA-3CC5-481F-8201-166933B5C8FF}"
EndProject
Project("{8BC9CEB8-8B4A-11D0-8D11-00A0C91BC942}") = "iconize", "iconize.vcxproj", "{37C32832-DCE4-4BAA-9306-826064B30CCB}"
EndProject
Project("{8BC9CEB8-8B4A-11D0-8D11-00A0C91BC942}") = "image", "image.vcxproj", "{3322F289-B025-4DB1-A7D1-FBA3840F8A0B}"
EndProject
Project("{8BC9CEB8-8B4A-11D0-8D11-00A0C91BC942}") = "inactive", "inactive.vcxproj", "{B5271094-DE51-4E60-B4FA-D8F0BDB969FE}"
EndProject
Project("{8BC9CEB8-8B4A-11D0-8D11-00A0C91BC942}") = "input", "input.vcxproj", "{1C1B5A00-5F5D-4290-A07B-8A5A4A78570A}"
EndProject
Project("{8BC9CEB8-8B4A-11D0-8D11-00A0C91BC942}") = "keyboard", "keyboard.vcxproj", "{4DFA9F84-0457-4FE4-8008-283270610487}"
EndProject
Project("{8BC9CEB8-8B4A-11D0-8D11-00A0C91BC942}") = "label", "label.vcxproj", "{C3E7B77C-EED2-4046-9A30-9446C6F096A0}"
EndProject
Project("{8BC9CEB8-8B4A-11D0-8D11-00A0C91BC942}") = "line_style", "line_style.vcxproj", "{8B25CCE0-0988-4999-AE65-5A5EE31BB44D}"
EndProject
Project("{8BC9CEB8-8B4A-11D0-8D11-00A0C91BC942}") = "mandelbrot", "mandelbrot.vcxproj", "{7BBECC0F-9381-4BF2-87CA-3FD1DA93DEAF}"
EndProject
Project("{8BC9CEB8-8B4A-11D0-8D11-00A0C91BC942}") = "menubar", "menubar.vcxproj", "{78079B1F-152B-4E83-87CB-364586AB3AAC}"
EndProject
Project("{8BC9CEB8-8B4A-11D0-8D11-00A0C91BC942}") = "message", "message.vcxproj", "{E1A8934E-CB8D-4F74-B78A-EC7952BC4CBE}"
EndProject
Project("{8BC9CEB8-8B4A-11D0-8D11-00A0C91BC942}") = "minimum", "minimum.vcxproj", "{F658ABE4-7FE1-4404-9B7C-55E0D660F1B3}"
EndProject
Project("{8BC9CEB8-8B4A-11D0-8D11-00A0C91BC942}") = "navigation", "navigation.vcxproj", "{AA0ED6EA-2DA3-4486-AFBD-76CC9D206A1E}"
EndProject
Project("{8BC9CEB8-8B4A-11D0-8D11-00A0C91BC942}") = "output", "output.vcxproj", "{1CA77C94-5785-4B38-B91A-1EAFBD885BC2}"
EndProject
Project("{8BC9CEB8-8B4A-11D0-8D11-00A0C91BC942}") = "overlay", "overlay.vcxproj", "{3B0BF144-5D75-4D4A-BF75-7347186C808F}"
EndProject
Project("{8BC9CEB8-8B4A-11D0-8D11-00A0C91BC942}") = "pack", "pack.vcxproj", "{CEB7B88B-3AA5-4DD6-818F-CF19E12BF1E1}"
EndProject
Project("{8BC9CEB8-8B4A-11D0-8D11-00A0C91BC942}") = "pixmap", "pixmap.vcxproj", "{1CD667DD-E7AE-4F36-A1F7-F41FB59786BE}"
EndProject
Project("{8BC9CEB8-8B4A-11D0-8D11-00A0C91BC942}") = "pixmap_browser", "pixmap_browser.vcxproj", "{289C605C-94CC-437F-836B-2FE41528EEEC}"
EndProject
Project("{8BC9CEB8-8B4A-11D0-8D11-00A0C91BC942}") = "preferences", "preferences.vcxproj", "{D04E36D7-1C68-43E6-BE30-A7793CE3C799}"
EndProject
Project("{8BC9CEB8-8B4A-11D0-8D11-00A0C91BC942}") = "radio", "radio.vcxproj", "{AD5ACED4-F6EE-4AC0-B502-23CFD10EF603}"
EndProject
Project("{8BC9CEB8-8B4A-11D0-8D11-00A0C91BC942}") = "resize", "resize.vcxproj", "{46771042-C840-4314-BA3C-C5BC2FBD7CBB}"
EndProject
Project("{8BC9CEB8-8B4A-11D0-8D11-00A0C91BC942}") = "resizebox", "resizebox.vcxproj", "{2E03AF33-56A1-4366-B016-184CD96F3B56}"
EndProject
Project("{8BC9CEB8-8B4A-11D0-8D11-00A0C91BC942}") = "scroll", "scroll.vcxproj", "{97541B63-87AA-4ACE-BBF5-175F8D1389EC}"
EndProject
Project("{8BC9CEB8-8B4A-11D0-8D11-00A0C91BC942}") = "shape", "shape.vcxproj", "{45797F58-624B-4FA0-A7A3-5956114D8215}"
EndProject
Project("{8BC9CEB8-8B4A-11D0-8D11-00A0C91BC942}") = "subwindow", "subwindow.vcxproj", "{7A2467D2-B03A-4964-A289-EF233EB39F69}"
EndProject
Project("{8BC9CEB8-8B4A-11D0-8D11-00A0C91BC942}") = "sudoku", "sudoku.vcxproj", "{AE750416-51BA-485C-BD76-EF11B4536EE8}"
EndProject
Project("{8BC9CEB8-8B4A-11D0-8D11-00A0C91BC942}") = "symbols", "symbols.vcxproj", "{3E822491-B134-43B0-A40E-9348FFAB527F}"
EndProject
Project("{8BC9CEB8-8B4A-11D0-8D11-00A0C91BC942}") = "tabs", "tabs.vcxproj", "{AF932F77-1804-4DA4-A6DC-950795D6AFC1}"
EndProject
Project("{8BC9CEB8-8B4A-11D0-8D11-00A0C91BC942}") = "threads", "threads.vcxproj", "{45236F71-7031-40BC-ADCD-0535A64C04B0}"
EndProject
Project("{8BC9CEB8-8B4A-11D0-8D11-00A0C91BC942}") = "tile", "tile.vcxproj", "{28D24031-1A17-497A-B926-59CF78076DED}"
EndProject
Project("{8BC9CEB8-8B4A-11D0-8D11-00A0C91BC942}") = "tiled_image", "tiled_image.vcxproj", "{23F17042-704E-4198-8017-A8584E884CF7}"
EndProject
Project("{8BC9CEB8-8B4A-11D0-8D11-00A0C91BC942}") = "valuators", "valuators.vcxproj", "{CEE12ACB-20E4-45E4-AD5E-D15D7CFF68C3}"
EndProject
Project("{8BC9CEB8-8B4A-11D0-8D11-00A0C91BC942}") = "fltkjpeg", "jpeg.vcxproj", "{08B82852-90B3-4767-A5D2-F0A4FCCB2377}"
EndProject
Project("{8BC9CEB8-8B4A-11D0-8D11-00A0C91BC942}") = "fltkzlib", "zlib.vcxproj", "{E1D9CE3F-400D-40E8-AD0D-61C29B1847FF}"
EndProject
Project("{8BC9CEB8-8B4A-11D0-8D11-00A0C91BC942}") = "fltkpng", "libpng.vcxproj", "{D640A221-F95A-40FF-AC0E-0E8B615C7681}"
	ProjectSection(ProjectDependencies) = postProject
		{E1D9CE3F-400D-40E8-AD0D-61C29B1847FF} = {E1D9CE3F-400D-40E8-AD0D-61C29B1847FF}
	EndProjectSection
EndProject
Project("{8BC9CEB8-8B4A-11D0-8D11-00A0C91BC942}") = "input_choice", "input_choice.vcxproj", "{50651D04-C8F7-4C2B-B412-0848573BDF88}"
EndProject
Project("{8BC9CEB8-8B4A-11D0-8D11-00A0C91BC942}") = "utf8", "utf8.vcxproj", "{ADA2462A-3656-41D2-B7A8-8D942AA0F8F9}"
EndProject
Project("{8BC9CEB8-8B4A-11D0-8D11-00A0C91BC942}") = "cairo_test", "cairo_test.vcxproj", "{CF98E92E-C789-47E6-A2DA-398EB7991A2B}"
EndProject
Project("{8BC9CEB8-8B4A-11D0-8D11-00A0C91BC942}") = "table", "table.vcxproj", "{33331FB8-2AF9-4D15-BEE3-5F69658A6F1F}"
EndProject
Project("{8BC9CEB8-8B4A-11D0-8D11-00A0C91BC942}") = "tree", "tree.vcxproj", "{2C3FB329-620B-41A0-8845-A063C9EA8807}"
	ProjectSection(ProjectDependencies) = postProject
		{8AED3078-8CD8-40C9-A8FF-46080024F1EB} = {8AED3078-8CD8-40C9-A8FF-46080024F1EB}
	EndProjectSection
EndProject
Project("{8BC9CEB8-8B4A-11D0-8D11-00A0C91BC942}") = "blocks", "blocks.vcxproj", "{2D92C98B-F186-4BF0-A9D4-51D42C93F6E8}"
EndProject
Project("{8BC9CEB8-8B4A-11D0-8D11-00A0C91BC942}") = "rotated_text", "rotated_text.vcxproj", "{E88CCAF5-5DB9-4A46-8C91-97C5697F167A}"
	ProjectSection(ProjectDependencies) = postProject
		{E070AAFC-9D03-41A3-BC7D-30887EA0D50F} = {E070AAFC-9D03-41A3-BC7D-30887EA0D50F}
	EndProjectSection
EndProject
Project("{8BC9CEB8-8B4A-11D0-8D11-00A0C91BC942}") = "device", "device.vcxproj", "{BA275A4C-FD92-4AC2-8996-1A32E9BC4E3A}"
EndProject
Project("{8BC9CEB8-8B4A-11D0-8D11-00A0C91BC942}") = "native-filechooser", "native-filechooser.vcxproj", "{9CF889F1-AEFE-43BA-BA18-B2B09EF8ADEE}"
EndProject
Project("{8BC9CEB8-8B4A-11D0-8D11-00A0C91BC942}") = "unittests", "unittests.vcxproj", "{86C52ED6-C710-40E6-86A2-61F757B20CF7}"
EndProject
Global
	GlobalSection(SolutionConfigurationPlatforms) = preSolution
		Debug Cairo|Win32 = Debug Cairo|Win32
		Debug|Win32 = Debug|Win32
		Release Cairo|Win32 = Release Cairo|Win32
		Release|Win32 = Release|Win32
	EndGlobalSection
	GlobalSection(ProjectConfigurationPlatforms) = postSolution
		{09427220-8C9C-498A-8D50-1638D3FB87E5}.Debug Cairo|Win32.ActiveCfg = Debug Cairo|Win32
		{09427220-8C9C-498A-8D50-1638D3FB87E5}.Debug Cairo|Win32.Build.0 = Debug Cairo|Win32
		{09427220-8C9C-498A-8D50-1638D3FB87E5}.Debug|Win32.ActiveCfg = Debug|Win32
		{09427220-8C9C-498A-8D50-1638D3FB87E5}.Debug|Win32.Build.0 = Debug|Win32
		{09427220-8C9C-498A-8D50-1638D3FB87E5}.Release Cairo|Win32.ActiveCfg = Release Cairo|Win32
		{09427220-8C9C-498A-8D50-1638D3FB87E5}.Release Cairo|Win32.Build.0 = Release Cairo|Win32
		{09427220-8C9C-498A-8D50-1638D3FB87E5}.Release|Win32.ActiveCfg = Release|Win32
		{09427220-8C9C-498A-8D50-1638D3FB87E5}.Release|Win32.Build.0 = Release|Win32
		{51F6CDA8-3AF3-4DDC-B412-8E5E92F3393B}.Debug Cairo|Win32.ActiveCfg = Debug Cairo|Win32
		{51F6CDA8-3AF3-4DDC-B412-8E5E92F3393B}.Debug Cairo|Win32.Build.0 = Debug Cairo|Win32
		{51F6CDA8-3AF3-4DDC-B412-8E5E92F3393B}.Debug|Win32.ActiveCfg = Debug|Win32
		{51F6CDA8-3AF3-4DDC-B412-8E5E92F3393B}.Debug|Win32.Build.0 = Debug|Win32
		{51F6CDA8-3AF3-4DDC-B412-8E5E92F3393B}.Release Cairo|Win32.ActiveCfg = Release Cairo|Win32
		{51F6CDA8-3AF3-4DDC-B412-8E5E92F3393B}.Release Cairo|Win32.Build.0 = Release Cairo|Win32
		{51F6CDA8-3AF3-4DDC-B412-8E5E92F3393B}.Release|Win32.ActiveCfg = Release|Win32
		{51F6CDA8-3AF3-4DDC-B412-8E5E92F3393B}.Release|Win32.Build.0 = Release|Win32
		{39ADA7A1-A2C1-4F0B-8B92-04E335570C27}.Debug Cairo|Win32.ActiveCfg = Debug Cairo|Win32
		{39ADA7A1-A2C1-4F0B-8B92-04E335570C27}.Debug Cairo|Win32.Build.0 = Debug Cairo|Win32
		{39ADA7A1-A2C1-4F0B-8B92-04E335570C27}.Debug|Win32.ActiveCfg = Debug|Win32
		{39ADA7A1-A2C1-4F0B-8B92-04E335570C27}.Debug|Win32.Build.0 = Debug|Win32
		{39ADA7A1-A2C1-4F0B-8B92-04E335570C27}.Release Cairo|Win32.ActiveCfg = Release Cairo|Win32
		{39ADA7A1-A2C1-4F0B-8B92-04E335570C27}.Release Cairo|Win32.Build.0 = Release Cairo|Win32
		{39ADA7A1-A2C1-4F0B-8B92-04E335570C27}.Release|Win32.ActiveCfg = Release|Win32
		{39ADA7A1-A2C1-4F0B-8B92-04E335570C27}.Release|Win32.Build.0 = Release|Win32
		{DB6BAA16-C589-448F-9AB5-5969016549EB}.Debug Cairo|Win32.ActiveCfg = Debug Cairo|Win32
		{DB6BAA16-C589-448F-9AB5-5969016549EB}.Debug Cairo|Win32.Build.0 = Debug Cairo|Win32
		{DB6BAA16-C589-448F-9AB5-5969016549EB}.Debug|Win32.ActiveCfg = Debug|Win32
		{DB6BAA16-C589-448F-9AB5-5969016549EB}.Debug|Win32.Build.0 = Debug|Win32
		{DB6BAA16-C589-448F-9AB5-5969016549EB}.Release Cairo|Win32.ActiveCfg = Release Cairo|Win32
		{DB6BAA16-C589-448F-9AB5-5969016549EB}.Release Cairo|Win32.Build.0 = Release Cairo|Win32
		{DB6BAA16-C589-448F-9AB5-5969016549EB}.Release|Win32.ActiveCfg = Release|Win32
		{DB6BAA16-C589-448F-9AB5-5969016549EB}.Release|Win32.Build.0 = Release|Win32
		{65B5BB3F-EE54-4604-B49B-7676AED83AAB}.Debug Cairo|Win32.ActiveCfg = Debug Cairo|Win32
		{65B5BB3F-EE54-4604-B49B-7676AED83AAB}.Debug Cairo|Win32.Build.0 = Debug Cairo|Win32
		{65B5BB3F-EE54-4604-B49B-7676AED83AAB}.Debug|Win32.ActiveCfg = Debug|Win32
		{65B5BB3F-EE54-4604-B49B-7676AED83AAB}.Debug|Win32.Build.0 = Debug|Win32
		{65B5BB3F-EE54-4604-B49B-7676AED83AAB}.Release Cairo|Win32.ActiveCfg = Release Cairo|Win32
		{65B5BB3F-EE54-4604-B49B-7676AED83AAB}.Release Cairo|Win32.Build.0 = Release Cairo|Win32
		{65B5BB3F-EE54-4604-B49B-7676AED83AAB}.Release|Win32.ActiveCfg = Release|Win32
		{65B5BB3F-EE54-4604-B49B-7676AED83AAB}.Release|Win32.Build.0 = Release|Win32
		{E212D4B4-63D9-4D8D-84DB-45C8BC191462}.Debug Cairo|Win32.ActiveCfg = Debug Cairo|Win32
		{E212D4B4-63D9-4D8D-84DB-45C8BC191462}.Debug Cairo|Win32.Build.0 = Debug Cairo|Win32
		{E212D4B4-63D9-4D8D-84DB-45C8BC191462}.Debug|Win32.ActiveCfg = Debug|Win32
		{E212D4B4-63D9-4D8D-84DB-45C8BC191462}.Debug|Win32.Build.0 = Debug|Win32
		{E212D4B4-63D9-4D8D-84DB-45C8BC191462}.Release Cairo|Win32.ActiveCfg = Release Cairo|Win32
		{E212D4B4-63D9-4D8D-84DB-45C8BC191462}.Release Cairo|Win32.Build.0 = Release Cairo|Win32
		{E212D4B4-63D9-4D8D-84DB-45C8BC191462}.Release|Win32.ActiveCfg = Release|Win32
		{E212D4B4-63D9-4D8D-84DB-45C8BC191462}.Release|Win32.Build.0 = Release|Win32
		{2352F92C-8663-4637-B919-D76F0A9EC05E}.Debug Cairo|Win32.ActiveCfg = Debug Cairo|Win32
		{2352F92C-8663-4637-B919-D76F0A9EC05E}.Debug Cairo|Win32.Build.0 = Debug Cairo|Win32
		{2352F92C-8663-4637-B919-D76F0A9EC05E}.Debug|Win32.ActiveCfg = Debug|Win32
		{2352F92C-8663-4637-B919-D76F0A9EC05E}.Debug|Win32.Build.0 = Debug|Win32
		{2352F92C-8663-4637-B919-D76F0A9EC05E}.Release Cairo|Win32.ActiveCfg = Release Cairo|Win32
		{2352F92C-8663-4637-B919-D76F0A9EC05E}.Release Cairo|Win32.Build.0 = Release Cairo|Win32
		{2352F92C-8663-4637-B919-D76F0A9EC05E}.Release|Win32.ActiveCfg = Release|Win32
		{2352F92C-8663-4637-B919-D76F0A9EC05E}.Release|Win32.Build.0 = Release|Win32
		{0363AC35-F325-4C24-9DB9-E83337D55787}.Debug Cairo|Win32.ActiveCfg = Debug Cairo|Win32
		{0363AC35-F325-4C24-9DB9-E83337D55787}.Debug Cairo|Win32.Build.0 = Debug Cairo|Win32
		{0363AC35-F325-4C24-9DB9-E83337D55787}.Debug|Win32.ActiveCfg = Debug|Win32
		{0363AC35-F325-4C24-9DB9-E83337D55787}.Debug|Win32.Build.0 = Debug|Win32
		{0363AC35-F325-4C24-9DB9-E83337D55787}.Release Cairo|Win32.ActiveCfg = Release Cairo|Win32
		{0363AC35-F325-4C24-9DB9-E83337D55787}.Release Cairo|Win32.Build.0 = Release Cairo|Win32
		{0363AC35-F325-4C24-9DB9-E83337D55787}.Release|Win32.ActiveCfg = Release|Win32
		{0363AC35-F325-4C24-9DB9-E83337D55787}.Release|Win32.Build.0 = Release|Win32
		{67CE1C24-B0C0-4CD6-8D0F-68513C2398B9}.Debug Cairo|Win32.ActiveCfg = Debug Cairo|Win32
		{67CE1C24-B0C0-4CD6-8D0F-68513C2398B9}.Debug Cairo|Win32.Build.0 = Debug Cairo|Win32
		{67CE1C24-B0C0-4CD6-8D0F-68513C2398B9}.Debug|Win32.ActiveCfg = Debug|Win32
		{67CE1C24-B0C0-4CD6-8D0F-68513C2398B9}.Debug|Win32.Build.0 = Debug|Win32
		{67CE1C24-B0C0-4CD6-8D0F-68513C2398B9}.Release Cairo|Win32.ActiveCfg = Release Cairo|Win32
		{67CE1C24-B0C0-4CD6-8D0F-68513C2398B9}.Release Cairo|Win32.Build.0 = Release Cairo|Win32
		{67CE1C24-B0C0-4CD6-8D0F-68513C2398B9}.Release|Win32.ActiveCfg = Release|Win32
		{67CE1C24-B0C0-4CD6-8D0F-68513C2398B9}.Release|Win32.Build.0 = Release|Win32
		{92EEF887-8305-4D00-86B7-D3F98CC7AD87}.Debug Cairo|Win32.ActiveCfg = Debug Cairo|Win32
		{92EEF887-8305-4D00-86B7-D3F98CC7AD87}.Debug Cairo|Win32.Build.0 = Debug Cairo|Win32
		{92EEF887-8305-4D00-86B7-D3F98CC7AD87}.Debug|Win32.ActiveCfg = Debug|Win32
		{92EEF887-8305-4D00-86B7-D3F98CC7AD87}.Debug|Win32.Build.0 = Debug|Win32
		{92EEF887-8305-4D00-86B7-D3F98CC7AD87}.Release Cairo|Win32.ActiveCfg = Release Cairo|Win32
		{92EEF887-8305-4D00-86B7-D3F98CC7AD87}.Release Cairo|Win32.Build.0 = Release Cairo|Win32
		{92EEF887-8305-4D00-86B7-D3F98CC7AD87}.Release|Win32.ActiveCfg = Release|Win32
		{92EEF887-8305-4D00-86B7-D3F98CC7AD87}.Release|Win32.Build.0 = Release|Win32
		{122160ED-446E-4B15-8CB4-A2058DC7269A}.Debug Cairo|Win32.ActiveCfg = Debug Cairo|Win32
		{122160ED-446E-4B15-8CB4-A2058DC7269A}.Debug Cairo|Win32.Build.0 = Debug Cairo|Win32
		{122160ED-446E-4B15-8CB4-A2058DC7269A}.Debug|Win32.ActiveCfg = Debug|Win32
		{122160ED-446E-4B15-8CB4-A2058DC7269A}.Debug|Win32.Build.0 = Debug|Win32
		{122160ED-446E-4B15-8CB4-A2058DC7269A}.Release Cairo|Win32.ActiveCfg = Release Cairo|Win32
		{122160ED-446E-4B15-8CB4-A2058DC7269A}.Release Cairo|Win32.Build.0 = Release Cairo|Win32
		{122160ED-446E-4B15-8CB4-A2058DC7269A}.Release|Win32.ActiveCfg = Release|Win32
		{122160ED-446E-4B15-8CB4-A2058DC7269A}.Release|Win32.Build.0 = Release|Win32
		{D0BC7525-99E7-4247-B860-1B3CF2FF8165}.Debug Cairo|Win32.ActiveCfg = Debug Cairo|Win32
		{D0BC7525-99E7-4247-B860-1B3CF2FF8165}.Debug Cairo|Win32.Build.0 = Debug Cairo|Win32
		{D0BC7525-99E7-4247-B860-1B3CF2FF8165}.Debug|Win32.ActiveCfg = Debug|Win32
		{D0BC7525-99E7-4247-B860-1B3CF2FF8165}.Debug|Win32.Build.0 = Debug|Win32
		{D0BC7525-99E7-4247-B860-1B3CF2FF8165}.Release Cairo|Win32.ActiveCfg = Release Cairo|Win32
		{D0BC7525-99E7-4247-B860-1B3CF2FF8165}.Release Cairo|Win32.Build.0 = Release Cairo|Win32
		{D0BC7525-99E7-4247-B860-1B3CF2FF8165}.Release|Win32.ActiveCfg = Release|Win32
		{D0BC7525-99E7-4247-B860-1B3CF2FF8165}.Release|Win32.Build.0 = Release|Win32
		{BDACB9FC-6769-4A2D-A636-36CC25E3AC75}.Debug Cairo|Win32.ActiveCfg = Debug Cairo|Win32
		{BDACB9FC-6769-4A2D-A636-36CC25E3AC75}.Debug Cairo|Win32.Build.0 = Debug Cairo|Win32
		{BDACB9FC-6769-4A2D-A636-36CC25E3AC75}.Debug|Win32.ActiveCfg = Debug|Win32
		{BDACB9FC-6769-4A2D-A636-36CC25E3AC75}.Debug|Win32.Build.0 = Debug|Win32
		{BDACB9FC-6769-4A2D-A636-36CC25E3AC75}.Release Cairo|Win32.ActiveCfg = Release Cairo|Win32
		{BDACB9FC-6769-4A2D-A636-36CC25E3AC75}.Release Cairo|Win32.Build.0 = Release Cairo|Win32
		{BDACB9FC-6769-4A2D-A636-36CC25E3AC75}.Release|Win32.ActiveCfg = Release|Win32
		{BDACB9FC-6769-4A2D-A636-36CC25E3AC75}.Release|Win32.Build.0 = Release|Win32
		{0973844B-3E5F-4C38-95FF-E8935243D287}.Debug Cairo|Win32.ActiveCfg = Debug Cairo|Win32
		{0973844B-3E5F-4C38-95FF-E8935243D287}.Debug Cairo|Win32.Build.0 = Debug Cairo|Win32
		{0973844B-3E5F-4C38-95FF-E8935243D287}.Debug|Win32.ActiveCfg = Debug|Win32
		{0973844B-3E5F-4C38-95FF-E8935243D287}.Debug|Win32.Build.0 = Debug|Win32
		{0973844B-3E5F-4C38-95FF-E8935243D287}.Release Cairo|Win32.ActiveCfg = Release Cairo|Win32
		{0973844B-3E5F-4C38-95FF-E8935243D287}.Release Cairo|Win32.Build.0 = Release Cairo|Win32
		{0973844B-3E5F-4C38-95FF-E8935243D287}.Release|Win32.ActiveCfg = Release|Win32
		{0973844B-3E5F-4C38-95FF-E8935243D287}.Release|Win32.Build.0 = Release|Win32
		{E30BB28D-DFA0-479C-B670-8CD872224B38}.Debug Cairo|Win32.ActiveCfg = Debug Cairo|Win32
		{E30BB28D-DFA0-479C-B670-8CD872224B38}.Debug Cairo|Win32.Build.0 = Debug Cairo|Win32
		{E30BB28D-DFA0-479C-B670-8CD872224B38}.Debug|Win32.ActiveCfg = Debug|Win32
		{E30BB28D-DFA0-479C-B670-8CD872224B38}.Debug|Win32.Build.0 = Debug|Win32
		{E30BB28D-DFA0-479C-B670-8CD872224B38}.Release Cairo|Win32.ActiveCfg = Release Cairo|Win32
		{E30BB28D-DFA0-479C-B670-8CD872224B38}.Release Cairo|Win32.Build.0 = Release Cairo|Win32
		{E30BB28D-DFA0-479C-B670-8CD872224B38}.Release|Win32.ActiveCfg = Release|Win32
		{E30BB28D-DFA0-479C-B670-8CD872224B38}.Release|Win32.Build.0 = Release|Win32
		{0D1DB0EE-E997-4550-85D4-BDE209B75AD6}.Debug Cairo|Win32.ActiveCfg = Debug Cairo|Win32
		{0D1DB0EE-E997-4550-85D4-BDE209B75AD6}.Debug Cairo|Win32.Build.0 = Debug Cairo|Win32
		{0D1DB0EE-E997-4550-85D4-BDE209B75AD6}.Debug|Win32.ActiveCfg = Debug|Win32
		{0D1DB0EE-E997-4550-85D4-BDE209B75AD6}.Debug|Win32.Build.0 = Debug|Win32
		{0D1DB0EE-E997-4550-85D4-BDE209B75AD6}.Release Cairo|Win32.ActiveCfg = Release Cairo|Win32
		{0D1DB0EE-E997-4550-85D4-BDE209B75AD6}.Release Cairo|Win32.Build.0 = Release Cairo|Win32
		{0D1DB0EE-E997-4550-85D4-BDE209B75AD6}.Release|Win32.ActiveCfg = Release|Win32
		{0D1DB0EE-E997-4550-85D4-BDE209B75AD6}.Release|Win32.Build.0 = Release|Win32
		{27D45BA6-A403-4A71-B6D6-57DC0CEDCE15}.Debug Cairo|Win32.ActiveCfg = Debug Cairo|Win32
		{27D45BA6-A403-4A71-B6D6-57DC0CEDCE15}.Debug Cairo|Win32.Build.0 = Debug Cairo|Win32
		{27D45BA6-A403-4A71-B6D6-57DC0CEDCE15}.Debug|Win32.ActiveCfg = Debug|Win32
		{27D45BA6-A403-4A71-B6D6-57DC0CEDCE15}.Debug|Win32.Build.0 = Debug|Win32
		{27D45BA6-A403-4A71-B6D6-57DC0CEDCE15}.Release Cairo|Win32.ActiveCfg = Release Cairo|Win32
		{27D45BA6-A403-4A71-B6D6-57DC0CEDCE15}.Release Cairo|Win32.Build.0 = Release Cairo|Win32
		{27D45BA6-A403-4A71-B6D6-57DC0CEDCE15}.Release|Win32.ActiveCfg = Release|Win32
		{27D45BA6-A403-4A71-B6D6-57DC0CEDCE15}.Release|Win32.Build.0 = Release|Win32
		{EDDBF169-77C1-496E-9EFE-E500107E6E97}.Debug Cairo|Win32.ActiveCfg = Debug Cairo|Win32
		{EDDBF169-77C1-496E-9EFE-E500107E6E97}.Debug Cairo|Win32.Build.0 = Debug Cairo|Win32
		{EDDBF169-77C1-496E-9EFE-E500107E6E97}.Debug|Win32.ActiveCfg = Debug|Win32
		{EDDBF169-77C1-496E-9EFE-E500107E6E97}.Debug|Win32.Build.0 = Debug|Win32
		{EDDBF169-77C1-496E-9EFE-E500107E6E97}.Release Cairo|Win32.ActiveCfg = Release Cairo|Win32
		{EDDBF169-77C1-496E-9EFE-E500107E6E97}.Release Cairo|Win32.Build.0 = Release Cairo|Win32
		{EDDBF169-77C1-496E-9EFE-E500107E6E97}.Release|Win32.ActiveCfg = Release|Win32
		{EDDBF169-77C1-496E-9EFE-E500107E6E97}.Release|Win32.Build.0 = Release|Win32
		{0BDAEBF1-7A8D-434B-A543-4663464E972D}.Debug Cairo|Win32.ActiveCfg = Debug Cairo|Win32
		{0BDAEBF1-7A8D-434B-A543-4663464E972D}.Debug Cairo|Win32.Build.0 = Debug Cairo|Win32
		{0BDAEBF1-7A8D-434B-A543-4663464E972D}.Debug|Win32.ActiveCfg = Debug|Win32
		{0BDAEBF1-7A8D-434B-A543-4663464E972D}.Debug|Win32.Build.0 = Debug|Win32
		{0BDAEBF1-7A8D-434B-A543-4663464E972D}.Release Cairo|Win32.ActiveCfg = Release Cairo|Win32
		{0BDAEBF1-7A8D-434B-A543-4663464E972D}.Release Cairo|Win32.Build.0 = Release Cairo|Win32
		{0BDAEBF1-7A8D-434B-A543-4663464E972D}.Release|Win32.ActiveCfg = Release|Win32
		{0BDAEBF1-7A8D-434B-A543-4663464E972D}.Release|Win32.Build.0 = Release|Win32
		{2D29D6C9-B4A6-444C-A311-106A9C8A986F}.Debug Cairo|Win32.ActiveCfg = Debug Cairo|Win32
		{2D29D6C9-B4A6-444C-A311-106A9C8A986F}.Debug Cairo|Win32.Build.0 = Debug Cairo|Win32
		{2D29D6C9-B4A6-444C-A311-106A9C8A986F}.Debug|Win32.ActiveCfg = Debug|Win32
		{2D29D6C9-B4A6-444C-A311-106A9C8A986F}.Debug|Win32.Build.0 = Debug|Win32
		{2D29D6C9-B4A6-444C-A311-106A9C8A986F}.Release Cairo|Win32.ActiveCfg = Release Cairo|Win32
		{2D29D6C9-B4A6-444C-A311-106A9C8A986F}.Release Cairo|Win32.Build.0 = Release Cairo|Win32
		{2D29D6C9-B4A6-444C-A311-106A9C8A986F}.Release|Win32.ActiveCfg = Release|Win32
		{2D29D6C9-B4A6-444C-A311-106A9C8A986F}.Release|Win32.Build.0 = Release|Win32
		{6927F349-29DF-4D60-BC8F-5A3F5E133735}.Debug Cairo|Win32.ActiveCfg = Debug Cairo|Win32
		{6927F349-29DF-4D60-BC8F-5A3F5E133735}.Debug Cairo|Win32.Build.0 = Debug Cairo|Win32
		{6927F349-29DF-4D60-BC8F-5A3F5E133735}.Debug|Win32.ActiveCfg = Debug|Win32
		{6927F349-29DF-4D60-BC8F-5A3F5E133735}.Debug|Win32.Build.0 = Debug|Win32
		{6927F349-29DF-4D60-BC8F-5A3F5E133735}.Release Cairo|Win32.ActiveCfg = Release Cairo|Win32
		{6927F349-29DF-4D60-BC8F-5A3F5E133735}.Release Cairo|Win32.Build.0 = Release Cairo|Win32
		{6927F349-29DF-4D60-BC8F-5A3F5E133735}.Release|Win32.ActiveCfg = Release|Win32
		{6927F349-29DF-4D60-BC8F-5A3F5E133735}.Release|Win32.Build.0 = Release|Win32
		{E070AAFC-9D03-41A3-BC7D-30887EA0D50F}.Debug Cairo|Win32.ActiveCfg = Debug Cairo|Win32
		{E070AAFC-9D03-41A3-BC7D-30887EA0D50F}.Debug Cairo|Win32.Build.0 = Debug Cairo|Win32
		{E070AAFC-9D03-41A3-BC7D-30887EA0D50F}.Debug|Win32.ActiveCfg = Debug|Win32
		{E070AAFC-9D03-41A3-BC7D-30887EA0D50F}.Debug|Win32.Build.0 = Debug|Win32
		{E070AAFC-9D03-41A3-BC7D-30887EA0D50F}.Release Cairo|Win32.ActiveCfg = Release Cairo|Win32
		{E070AAFC-9D03-41A3-BC7D-30887EA0D50F}.Release Cairo|Win32.Build.0 = Release Cairo|Win32
		{E070AAFC-9D03-41A3-BC7D-30887EA0D50F}.Release|Win32.ActiveCfg = Release|Win32
		{E070AAFC-9D03-41A3-BC7D-30887EA0D50F}.Release|Win32.Build.0 = Release|Win32
		{F0B8F4BD-955D-43CB-980C-805364D04A25}.Debug Cairo|Win32.ActiveCfg = Debug Cairo|Win32
		{F0B8F4BD-955D-43CB-980C-805364D04A25}.Debug Cairo|Win32.Build.0 = Debug Cairo|Win32
		{F0B8F4BD-955D-43CB-980C-805364D04A25}.Debug|Win32.ActiveCfg = Debug|Win32
		{F0B8F4BD-955D-43CB-980C-805364D04A25}.Debug|Win32.Build.0 = Debug|Win32
		{F0B8F4BD-955D-43CB-980C-805364D04A25}.Release Cairo|Win32.ActiveCfg = Release Cairo|Win32
		{F0B8F4BD-955D-43CB-980C-805364D04A25}.Release Cairo|Win32.Build.0 = Release Cairo|Win32
		{F0B8F4BD-955D-43CB-980C-805364D04A25}.Release|Win32.ActiveCfg = Release|Win32
		{F0B8F4BD-955D-43CB-980C-805364D04A25}.Release|Win32.Build.0 = Release|Win32
		{C17BAB42-F00B-4F71-9DF6-A921511C89EE}.Debug Cairo|Win32.ActiveCfg = Debug Cairo|Win32
		{C17BAB42-F00B-4F71-9DF6-A921511C89EE}.Debug Cairo|Win32.Build.0 = Debug Cairo|Win32
		{C17BAB42-F00B-4F71-9DF6-A921511C89EE}.Debug|Win32.ActiveCfg = Debug|Win32
		{C17BAB42-F00B-4F71-9DF6-A921511C89EE}.Debug|Win32.Build.0 = Debug|Win32
		{C17BAB42-F00B-4F71-9DF6-A921511C89EE}.Release Cairo|Win32.ActiveCfg = Release Cairo|Win32
		{C17BAB42-F00B-4F71-9DF6-A921511C89EE}.Release Cairo|Win32.Build.0 = Release Cairo|Win32
		{C17BAB42-F00B-4F71-9DF6-A921511C89EE}.Release|Win32.ActiveCfg = Release|Win32
		{C17BAB42-F00B-4F71-9DF6-A921511C89EE}.Release|Win32.Build.0 = Release|Win32
		{F7974A9C-C255-4385-96BC-E24EE0816F7C}.Debug Cairo|Win32.ActiveCfg = Debug Cairo|Win32
		{F7974A9C-C255-4385-96BC-E24EE0816F7C}.Debug Cairo|Win32.Build.0 = Debug Cairo|Win32
		{F7974A9C-C255-4385-96BC-E24EE0816F7C}.Debug|Win32.ActiveCfg = Debug|Win32
		{F7974A9C-C255-4385-96BC-E24EE0816F7C}.Debug|Win32.Build.0 = Debug|Win32
		{F7974A9C-C255-4385-96BC-E24EE0816F7C}.Release Cairo|Win32.ActiveCfg = Release Cairo|Win32
		{F7974A9C-C255-4385-96BC-E24EE0816F7C}.Release Cairo|Win32.Build.0 = Release Cairo|Win32
		{F7974A9C-C255-4385-96BC-E24EE0816F7C}.Release|Win32.ActiveCfg = Release|Win32
		{F7974A9C-C255-4385-96BC-E24EE0816F7C}.Release|Win32.Build.0 = Release|Win32
		{6E8E1663-B88D-4454-ADF2-279666A93306}.Debug Cairo|Win32.ActiveCfg = Debug Cairo|Win32
		{6E8E1663-B88D-4454-ADF2-279666A93306}.Debug Cairo|Win32.Build.0 = Debug Cairo|Win32
		{6E8E1663-B88D-4454-ADF2-279666A93306}.Debug|Win32.ActiveCfg = Debug|Win32
		{6E8E1663-B88D-4454-ADF2-279666A93306}.Debug|Win32.Build.0 = Debug|Win32
		{6E8E1663-B88D-4454-ADF2-279666A93306}.Release Cairo|Win32.ActiveCfg = Release Cairo|Win32
		{6E8E1663-B88D-4454-ADF2-279666A93306}.Release Cairo|Win32.Build.0 = Release Cairo|Win32
		{6E8E1663-B88D-4454-ADF2-279666A93306}.Release|Win32.ActiveCfg = Release|Win32
		{6E8E1663-B88D-4454-ADF2-279666A93306}.Release|Win32.Build.0 = Release|Win32
		{8AED3078-8CD8-40C9-A8FF-46080024F1EB}.Debug Cairo|Win32.ActiveCfg = Debug Cairo|Win32
		{8AED3078-8CD8-40C9-A8FF-46080024F1EB}.Debug Cairo|Win32.Build.0 = Debug Cairo|Win32
		{8AED3078-8CD8-40C9-A8FF-46080024F1EB}.Debug|Win32.ActiveCfg = Debug|Win32
		{8AED3078-8CD8-40C9-A8FF-46080024F1EB}.Debug|Win32.Build.0 = Debug|Win32
		{8AED3078-8CD8-40C9-A8FF-46080024F1EB}.Release Cairo|Win32.ActiveCfg = Release Cairo|Win32
		{8AED3078-8CD8-40C9-A8FF-46080024F1EB}.Release Cairo|Win32.Build.0 = Release Cairo|Win32
		{8AED3078-8CD8-40C9-A8FF-46080024F1EB}.Release|Win32.ActiveCfg = Release|Win32
		{8AED3078-8CD8-40C9-A8FF-46080024F1EB}.Release|Win32.Build.0 = Release|Win32
		{DF2A883A-7356-4603-9CB1-E8F1E6B1549D}.Debug Cairo|Win32.ActiveCfg = Debug Cairo|Win32
		{DF2A883A-7356-4603-9CB1-E8F1E6B1549D}.Debug Cairo|Win32.Build.0 = Debug Cairo|Win32
		{DF2A883A-7356-4603-9CB1-E8F1E6B1549D}.Debug|Win32.ActiveCfg = Debug|Win32
		{DF2A883A-7356-4603-9CB1-E8F1E6B1549D}.Debug|Win32.Build.0 = Debug|Win32
		{DF2A883A-7356-4603-9CB1-E8F1E6B1549D}.Release Cairo|Win32.ActiveCfg = Release Cairo|Win32
		{DF2A883A-7356-4603-9CB1-E8F1E6B1549D}.Release Cairo|Win32.Build.0 = Release Cairo|Win32
		{DF2A883A-7356-4603-9CB1-E8F1E6B1549D}.Release|Win32.ActiveCfg = Release|Win32
		{DF2A883A-7356-4603-9CB1-E8F1E6B1549D}.Release|Win32.Build.0 = Release|Win32
		{B1749154-F87B-489D-B4B0-ABD5ED20A96F}.Debug Cairo|Win32.ActiveCfg = Debug Cairo|Win32
		{B1749154-F87B-489D-B4B0-ABD5ED20A96F}.Debug Cairo|Win32.Build.0 = Debug Cairo|Win32
		{B1749154-F87B-489D-B4B0-ABD5ED20A96F}.Debug|Win32.ActiveCfg = Debug|Win32
		{B1749154-F87B-489D-B4B0-ABD5ED20A96F}.Debug|Win32.Build.0 = Debug|Win32
		{B1749154-F87B-489D-B4B0-ABD5ED20A96F}.Release Cairo|Win32.ActiveCfg = Release Cairo|Win32
		{B1749154-F87B-489D-B4B0-ABD5ED20A96F}.Release Cairo|Win32.Build.0 = Release Cairo|Win32
		{B1749154-F87B-489D-B4B0-ABD5ED20A96F}.Release|Win32.ActiveCfg = Release|Win32
		{B1749154-F87B-489D-B4B0-ABD5ED20A96F}.Release|Win32.Build.0 = Release|Win32
		{58A83386-65E6-4F22-8712-8B6B7E62913D}.Debug Cairo|Win32.ActiveCfg = Debug Cairo|Win32
		{58A83386-65E6-4F22-8712-8B6B7E62913D}.Debug Cairo|Win32.Build.0 = Debug Cairo|Win32
		{58A83386-65E6-4F22-8712-8B6B7E62913D}.Debug|Win32.ActiveCfg = Debug|Win32
		{58A83386-65E6-4F22-8712-8B6B7E62913D}.Debug|Win32.Build.0 = Debug|Win32
		{58A83386-65E6-4F22-8712-8B6B7E62913D}.Release Cairo|Win32.ActiveCfg = Release Cairo|Win32
		{58A83386-65E6-4F22-8712-8B6B7E62913D}.Release Cairo|Win32.Build.0 = Release Cairo|Win32
		{58A83386-65E6-4F22-8712-8B6B7E62913D}.Release|Win32.ActiveCfg = Release|Win32
		{58A83386-65E6-4F22-8712-8B6B7E62913D}.Release|Win32.Build.0 = Release|Win32
		{2147B9FD-7D65-4854-9770-D7B8767DB9AE}.Debug Cairo|Win32.ActiveCfg = Debug Cairo|Win32
		{2147B9FD-7D65-4854-9770-D7B8767DB9AE}.Debug Cairo|Win32.Build.0 = Debug Cairo|Win32
		{2147B9FD-7D65-4854-9770-D7B8767DB9AE}.Debug|Win32.ActiveCfg = Debug|Win32
		{2147B9FD-7D65-4854-9770-D7B8767DB9AE}.Debug|Win32.Build.0 = Debug|Win32
		{2147B9FD-7D65-4854-9770-D7B8767DB9AE}.Release Cairo|Win32.ActiveCfg = Release Cairo|Win32
		{2147B9FD-7D65-4854-9770-D7B8767DB9AE}.Release Cairo|Win32.Build.0 = Release Cairo|Win32
		{2147B9FD-7D65-4854-9770-D7B8767DB9AE}.Release|Win32.ActiveCfg = Release|Win32
		{2147B9FD-7D65-4854-9770-D7B8767DB9AE}.Release|Win32.Build.0 = Release|Win32
		{8D8D210D-F628-48BB-9127-D8003DF22018}.Debug Cairo|Win32.ActiveCfg = Debug Cairo|Win32
		{8D8D210D-F628-48BB-9127-D8003DF22018}.Debug Cairo|Win32.Build.0 = Debug Cairo|Win32
		{8D8D210D-F628-48BB-9127-D8003DF22018}.Debug|Win32.ActiveCfg = Debug|Win32
		{8D8D210D-F628-48BB-9127-D8003DF22018}.Debug|Win32.Build.0 = Debug|Win32
		{8D8D210D-F628-48BB-9127-D8003DF22018}.Release Cairo|Win32.ActiveCfg = Release Cairo|Win32
		{8D8D210D-F628-48BB-9127-D8003DF22018}.Release Cairo|Win32.Build.0 = Release Cairo|Win32
		{8D8D210D-F628-48BB-9127-D8003DF22018}.Release|Win32.ActiveCfg = Release|Win32
		{8D8D210D-F628-48BB-9127-D8003DF22018}.Release|Win32.Build.0 = Release|Win32
		{BFE8CC78-6B58-4305-A096-796A3088BB26}.Debug Cairo|Win32.ActiveCfg = Debug Cairo|Win32
		{BFE8CC78-6B58-4305-A096-796A3088BB26}.Debug Cairo|Win32.Build.0 = Debug Cairo|Win32
		{BFE8CC78-6B58-4305-A096-796A3088BB26}.Debug|Win32.ActiveCfg = Debug|Win32
		{BFE8CC78-6B58-4305-A096-796A3088BB26}.Debug|Win32.Build.0 = Debug|Win32
		{BFE8CC78-6B58-4305-A096-796A3088BB26}.Release Cairo|Win32.ActiveCfg = Release Cairo|Win32
		{BFE8CC78-6B58-4305-A096-796A3088BB26}.Release Cairo|Win32.Build.0 = Release Cairo|Win32
		{BFE8CC78-6B58-4305-A096-796A3088BB26}.Release|Win32.ActiveCfg = Release|Win32
		{BFE8CC78-6B58-4305-A096-796A3088BB26}.Release|Win32.Build.0 = Release|Win32
		{ADA2462A-3656-41D2-B8A8-8D942AA0F8E9}.Debug Cairo|Win32.ActiveCfg = Debug Cairo|Win32
		{ADA2462A-3656-41D2-B8A8-8D942AA0F8E9}.Debug Cairo|Win32.Build.0 = Debug Cairo|Win32
		{ADA2462A-3656-41D2-B8A8-8D942AA0F8E9}.Debug|Win32.ActiveCfg = Debug|Win32
		{ADA2462A-3656-41D2-B8A8-8D942AA0F8E9}.Debug|Win32.Build.0 = Debug|Win32
		{ADA2462A-3656-41D2-B8A8-8D942AA0F8E9}.Release Cairo|Win32.ActiveCfg = Release Cairo|Win32
		{ADA2462A-3656-41D2-B8A8-8D942AA0F8E9}.Release Cairo|Win32.Build.0 = Release Cairo|Win32
		{ADA2462A-3656-41D2-B8A8-8D942AA0F8E9}.Release|Win32.ActiveCfg = Release|Win32
		{ADA2462A-3656-41D2-B8A8-8D942AA0F8E9}.Release|Win32.Build.0 = Release|Win32
		{9F3F86DA-3CC5-481F-8201-166933B5C8FF}.Debug Cairo|Win32.ActiveCfg = Debug Cairo|Win32
		{9F3F86DA-3CC5-481F-8201-166933B5C8FF}.Debug Cairo|Win32.Build.0 = Debug Cairo|Win32
		{9F3F86DA-3CC5-481F-8201-166933B5C8FF}.Debug|Win32.ActiveCfg = Debug|Win32
		{9F3F86DA-3CC5-481F-8201-166933B5C8FF}.Debug|Win32.Build.0 = Debug|Win32
		{9F3F86DA-3CC5-481F-8201-166933B5C8FF}.Release Cairo|Win32.ActiveCfg = Release Cairo|Win32
		{9F3F86DA-3CC5-481F-8201-166933B5C8FF}.Release Cairo|Win32.Build.0 = Release Cairo|Win32
		{9F3F86DA-3CC5-481F-8201-166933B5C8FF}.Release|Win32.ActiveCfg = Release|Win32
		{9F3F86DA-3CC5-481F-8201-166933B5C8FF}.Release|Win32.Build.0 = Release|Win32
		{37C32832-DCE4-4BAA-9306-826064B30CCB}.Debug Cairo|Win32.ActiveCfg = Debug Cairo|Win32
		{37C32832-DCE4-4BAA-9306-826064B30CCB}.Debug Cairo|Win32.Build.0 = Debug Cairo|Win32
		{37C32832-DCE4-4BAA-9306-826064B30CCB}.Debug|Win32.ActiveCfg = Debug|Win32
		{37C32832-DCE4-4BAA-9306-826064B30CCB}.Debug|Win32.Build.0 = Debug|Win32
		{37C32832-DCE4-4BAA-9306-826064B30CCB}.Release Cairo|Win32.ActiveCfg = Release Cairo|Win32
		{37C32832-DCE4-4BAA-9306-826064B30CCB}.Release Cairo|Win32.Build.0 = Release Cairo|Win32
		{37C32832-DCE4-4BAA-9306-826064B30CCB}.Release|Win32.ActiveCfg = Release|Win32
		{37C32832-DCE4-4BAA-9306-826064B30CCB}.Release|Win32.Build.0 = Release|Win32
		{3322F289-B025-4DB1-A7D1-FBA3840F8A0B}.Debug Cairo|Win32.ActiveCfg = Debug Cairo|Win32
		{3322F289-B025-4DB1-A7D1-FBA3840F8A0B}.Debug Cairo|Win32.Build.0 = Debug Cairo|Win32
		{3322F289-B025-4DB1-A7D1-FBA3840F8A0B}.Debug|Win32.ActiveCfg = Debug|Win32
		{3322F289-B025-4DB1-A7D1-FBA3840F8A0B}.Debug|Win32.Build.0 = Debug|Win32
		{3322F289-B025-4DB1-A7D1-FBA3840F8A0B}.Release Cairo|Win32.ActiveCfg = Release Cairo|Win32
		{3322F289-B025-4DB1-A7D1-FBA3840F8A0B}.Release Cairo|Win32.Build.0 = Release Cairo|Win32
		{3322F289-B025-4DB1-A7D1-FBA3840F8A0B}.Release|Win32.ActiveCfg = Release|Win32
		{3322F289-B025-4DB1-A7D1-FBA3840F8A0B}.Release|Win32.Build.0 = Release|Win32
		{B5271094-DE51-4E60-B4FA-D8F0BDB969FE}.Debug Cairo|Win32.ActiveCfg = Debug Cairo|Win32
		{B5271094-DE51-4E60-B4FA-D8F0BDB969FE}.Debug Cairo|Win32.Build.0 = Debug Cairo|Win32
		{B5271094-DE51-4E60-B4FA-D8F0BDB969FE}.Debug|Win32.ActiveCfg = Debug|Win32
		{B5271094-DE51-4E60-B4FA-D8F0BDB969FE}.Debug|Win32.Build.0 = Debug|Win32
		{B5271094-DE51-4E60-B4FA-D8F0BDB969FE}.Release Cairo|Win32.ActiveCfg = Release Cairo|Win32
		{B5271094-DE51-4E60-B4FA-D8F0BDB969FE}.Release Cairo|Win32.Build.0 = Release Cairo|Win32
		{B5271094-DE51-4E60-B4FA-D8F0BDB969FE}.Release|Win32.ActiveCfg = Release|Win32
		{B5271094-DE51-4E60-B4FA-D8F0BDB969FE}.Release|Win32.Build.0 = Release|Win32
		{1C1B5A00-5F5D-4290-A07B-8A5A4A78570A}.Debug Cairo|Win32.ActiveCfg = Debug Cairo|Win32
		{1C1B5A00-5F5D-4290-A07B-8A5A4A78570A}.Debug Cairo|Win32.Build.0 = Debug Cairo|Win32
		{1C1B5A00-5F5D-4290-A07B-8A5A4A78570A}.Debug|Win32.ActiveCfg = Debug|Win32
		{1C1B5A00-5F5D-4290-A07B-8A5A4A78570A}.Debug|Win32.Build.0 = Debug|Win32
		{1C1B5A00-5F5D-4290-A07B-8A5A4A78570A}.Release Cairo|Win32.ActiveCfg = Release Cairo|Win32
		{1C1B5A00-5F5D-4290-A07B-8A5A4A78570A}.Release Cairo|Win32.Build.0 = Release Cairo|Win32
		{1C1B5A00-5F5D-4290-A07B-8A5A4A78570A}.Release|Win32.ActiveCfg = Release|Win32
		{1C1B5A00-5F5D-4290-A07B-8A5A4A78570A}.Release|Win32.Build.0 = Release|Win32
		{4DFA9F84-0457-4FE4-8008-283270610487}.Debug Cairo|Win32.ActiveCfg = Debug Cairo|Win32
		{4DFA9F84-0457-4FE4-8008-283270610487}.Debug Cairo|Win32.Build.0 = Debug Cairo|Win32
		{4DFA9F84-0457-4FE4-8008-283270610487}.Debug|Win32.ActiveCfg = Debug|Win32
		{4DFA9F84-0457-4FE4-8008-283270610487}.Debug|Win32.Build.0 = Debug|Win32
		{4DFA9F84-0457-4FE4-8008-283270610487}.Release Cairo|Win32.ActiveCfg = Release Cairo|Win32
		{4DFA9F84-0457-4FE4-8008-283270610487}.Release Cairo|Win32.Build.0 = Release Cairo|Win32
		{4DFA9F84-0457-4FE4-8008-283270610487}.Release|Win32.ActiveCfg = Release|Win32
		{4DFA9F84-0457-4FE4-8008-283270610487}.Release|Win32.Build.0 = Release|Win32
		{C3E7B77C-EED2-4046-9A30-9446C6F096A0}.Debug Cairo|Win32.ActiveCfg = Debug Cairo|Win32
		{C3E7B77C-EED2-4046-9A30-9446C6F096A0}.Debug Cairo|Win32.Build.0 = Debug Cairo|Win32
		{C3E7B77C-EED2-4046-9A30-9446C6F096A0}.Debug|Win32.ActiveCfg = Debug|Win32
		{C3E7B77C-EED2-4046-9A30-9446C6F096A0}.Debug|Win32.Build.0 = Debug|Win32
		{C3E7B77C-EED2-4046-9A30-9446C6F096A0}.Release Cairo|Win32.ActiveCfg = Release Cairo|Win32
		{C3E7B77C-EED2-4046-9A30-9446C6F096A0}.Release Cairo|Win32.Build.0 = Release Cairo|Win32
		{C3E7B77C-EED2-4046-9A30-9446C6F096A0}.Release|Win32.ActiveCfg = Release|Win32
		{C3E7B77C-EED2-4046-9A30-9446C6F096A0}.Release|Win32.Build.0 = Release|Win32
		{8B25CCE0-0988-4999-AE65-5A5EE31BB44D}.Debug Cairo|Win32.ActiveCfg = Debug Cairo|Win32
		{8B25CCE0-0988-4999-AE65-5A5EE31BB44D}.Debug Cairo|Win32.Build.0 = Debug Cairo|Win32
		{8B25CCE0-0988-4999-AE65-5A5EE31BB44D}.Debug|Win32.ActiveCfg = Debug|Win32
		{8B25CCE0-0988-4999-AE65-5A5EE31BB44D}.Debug|Win32.Build.0 = Debug|Win32
		{8B25CCE0-0988-4999-AE65-5A5EE31BB44D}.Release Cairo|Win32.ActiveCfg = Release Cairo|Win32
		{8B25CCE0-0988-4999-AE65-5A5EE31BB44D}.Release Cairo|Win32.Build.0 = Release Cairo|Win32
		{8B25CCE0-0988-4999-AE65-5A5EE31BB44D}.Release|Win32.ActiveCfg = Release|Win32
		{8B25CCE0-0988-4999-AE65-5A5EE31BB44D}.Release|Win32.Build.0 = Release|Win32
		{7BBECC0F-9381-4BF2-87CA-3FD1DA93DEAF}.Debug Cairo|Win32.ActiveCfg = Debug Cairo|Win32
		{7BBECC0F-9381-4BF2-87CA-3FD1DA93DEAF}.Debug Cairo|Win32.Build.0 = Debug Cairo|Win32
		{7BBECC0F-9381-4BF2-87CA-3FD1DA93DEAF}.Debug|Win32.ActiveCfg = Debug|Win32
		{7BBECC0F-9381-4BF2-87CA-3FD1DA93DEAF}.Debug|Win32.Build.0 = Debug|Win32
		{7BBECC0F-9381-4BF2-87CA-3FD1DA93DEAF}.Release Cairo|Win32.ActiveCfg = Release Cairo|Win32
		{7BBECC0F-9381-4BF2-87CA-3FD1DA93DEAF}.Release Cairo|Win32.Build.0 = Release Cairo|Win32
		{7BBECC0F-9381-4BF2-87CA-3FD1DA93DEAF}.Release|Win32.ActiveCfg = Release|Win32
		{7BBECC0F-9381-4BF2-87CA-3FD1DA93DEAF}.Release|Win32.Build.0 = Release|Win32
		{78079B1F-152B-4E83-87CB-364586AB3AAC}.Debug Cairo|Win32.ActiveCfg = Debug Cairo|Win32
		{78079B1F-152B-4E83-87CB-364586AB3AAC}.Debug Cairo|Win32.Build.0 = Debug Cairo|Win32
		{78079B1F-152B-4E83-87CB-364586AB3AAC}.Debug|Win32.ActiveCfg = Debug|Win32
		{78079B1F-152B-4E83-87CB-364586AB3AAC}.Debug|Win32.Build.0 = Debug|Win32
		{78079B1F-152B-4E83-87CB-364586AB3AAC}.Release Cairo|Win32.ActiveCfg = Release Cairo|Win32
		{78079B1F-152B-4E83-87CB-364586AB3AAC}.Release Cairo|Win32.Build.0 = Release Cairo|Win32
		{78079B1F-152B-4E83-87CB-364586AB3AAC}.Release|Win32.ActiveCfg = Release|Win32
		{78079B1F-152B-4E83-87CB-364586AB3AAC}.Release|Win32.Build.0 = Release|Win32
		{E1A8934E-CB8D-4F74-B78A-EC7952BC4CBE}.Debug Cairo|Win32.ActiveCfg = Debug Cairo|Win32
		{E1A8934E-CB8D-4F74-B78A-EC7952BC4CBE}.Debug Cairo|Win32.Build.0 = Debug Cairo|Win32
		{E1A8934E-CB8D-4F74-B78A-EC7952BC4CBE}.Debug|Win32.ActiveCfg = Debug|Win32
		{E1A8934E-CB8D-4F74-B78A-EC7952BC4CBE}.Debug|Win32.Build.0 = Debug|Win32
		{E1A8934E-CB8D-4F74-B78A-EC7952BC4CBE}.Release Cairo|Win32.ActiveCfg = Release Cairo|Win32
		{E1A8934E-CB8D-4F74-B78A-EC7952BC4CBE}.Release Cairo|Win32.Build.0 = Release Cairo|Win32
		{E1A8934E-CB8D-4F74-B78A-EC7952BC4CBE}.Release|Win32.ActiveCfg = Release|Win32
		{E1A8934E-CB8D-4F74-B78A-EC7952BC4CBE}.Release|Win32.Build.0 = Release|Win32
		{F658ABE4-7FE1-4404-9B7C-55E0D660F1B3}.Debug Cairo|Win32.ActiveCfg = Debug Cairo|Win32
		{F658ABE4-7FE1-4404-9B7C-55E0D660F1B3}.Debug Cairo|Win32.Build.0 = Debug Cairo|Win32
		{F658ABE4-7FE1-4404-9B7C-55E0D660F1B3}.Debug|Win32.ActiveCfg = Debug|Win32
		{F658ABE4-7FE1-4404-9B7C-55E0D660F1B3}.Debug|Win32.Build.0 = Debug|Win32
		{F658ABE4-7FE1-4404-9B7C-55E0D660F1B3}.Release Cairo|Win32.ActiveCfg = Release Cairo|Win32
		{F658ABE4-7FE1-4404-9B7C-55E0D660F1B3}.Release Cairo|Win32.Build.0 = Release Cairo|Win32
		{F658ABE4-7FE1-4404-9B7C-55E0D660F1B3}.Release|Win32.ActiveCfg = Release|Win32
		{F658ABE4-7FE1-4404-9B7C-55E0D660F1B3}.Release|Win32.Build.0 = Release|Win32
		{AA0ED6EA-2DA3-4486-AFBD-76CC9D206A1E}.Debug Cairo|Win32.ActiveCfg = Debug Cairo|Win32
		{AA0ED6EA-2DA3-4486-AFBD-76CC9D206A1E}.Debug Cairo|Win32.Build.0 = Debug Cairo|Win32
		{AA0ED6EA-2DA3-4486-AFBD-76CC9D206A1E}.Debug|Win32.ActiveCfg = Debug|Win32
		{AA0ED6EA-2DA3-4486-AFBD-76CC9D206A1E}.Debug|Win32.Build.0 = Debug|Win32
		{AA0ED6EA-2DA3-4486-AFBD-76CC9D206A1E}.Release Cairo|Win32.ActiveCfg = Release Cairo|Win32
		{AA0ED6EA-2DA3-4486-AFBD-76CC9D206A1E}.Release Cairo|Win32.Build.0 = Release Cairo|Win32
		{AA0ED6EA-2DA3-4486-AFBD-76CC9D206A1E}.Release|Win32.ActiveCfg = Release|Win32
		{AA0ED6EA-2DA3-4486-AFBD-76CC9D206A1E}.Release|Win32.Build.0 = Release|Win32
		{1CA77C94-5785-4B38-B91A-1EAFBD885BC2}.Debug Cairo|Win32.ActiveCfg = Debug Cairo|Win32
		{1CA77C94-5785-4B38-B91A-1EAFBD885BC2}.Debug Cairo|Win32.Build.0 = Debug Cairo|Win32
		{1CA77C94-5785-4B38-B91A-1EAFBD885BC2}.Debug|Win32.ActiveCfg = Debug|Win32
		{1CA77C94-5785-4B38-B91A-1EAFBD885BC2}.Debug|Win32.Build.0 = Debug|Win32
		{1CA77C94-5785-4B38-B91A-1EAFBD885BC2}.Release Cairo|Win32.ActiveCfg = Release Cairo|Win32
		{1CA77C94-5785-4B38-B91A-1EAFBD885BC2}.Release Cairo|Win32.Build.0 = Release Cairo|Win32
		{1CA77C94-5785-4B38-B91A-1EAFBD885BC2}.Release|Win32.ActiveCfg = Release|Win32
		{1CA77C94-5785-4B38-B91A-1EAFBD885BC2}.Release|Win32.Build.0 = Release|Win32
		{3B0BF144-5D75-4D4A-BF75-7347186C808F}.Debug Cairo|Win32.ActiveCfg = Debug Cairo|Win32
		{3B0BF144-5D75-4D4A-BF75-7347186C808F}.Debug Cairo|Win32.Build.0 = Debug Cairo|Win32
		{3B0BF144-5D75-4D4A-BF75-7347186C808F}.Debug|Win32.ActiveCfg = Debug|Win32
		{3B0BF144-5D75-4D4A-BF75-7347186C808F}.Debug|Win32.Build.0 = Debug|Win32
		{3B0BF144-5D75-4D4A-BF75-7347186C808F}.Release Cairo|Win32.ActiveCfg = Release Cairo|Win32
		{3B0BF144-5D75-4D4A-BF75-7347186C808F}.Release Cairo|Win32.Build.0 = Release Cairo|Win32
		{3B0BF144-5D75-4D4A-BF75-7347186C808F}.Release|Win32.ActiveCfg = Release|Win32
		{3B0BF144-5D75-4D4A-BF75-7347186C808F}.Release|Win32.Build.0 = Release|Win32
		{CEB7B88B-3AA5-4DD6-818F-CF19E12BF1E1}.Debug Cairo|Win32.ActiveCfg = Debug Cairo|Win32
		{CEB7B88B-3AA5-4DD6-818F-CF19E12BF1E1}.Debug Cairo|Win32.Build.0 = Debug Cairo|Win32
		{CEB7B88B-3AA5-4DD6-818F-CF19E12BF1E1}.Debug|Win32.ActiveCfg = Debug|Win32
		{CEB7B88B-3AA5-4DD6-818F-CF19E12BF1E1}.Debug|Win32.Build.0 = Debug|Win32
		{CEB7B88B-3AA5-4DD6-818F-CF19E12BF1E1}.Release Cairo|Win32.ActiveCfg = Release Cairo|Win32
		{CEB7B88B-3AA5-4DD6-818F-CF19E12BF1E1}.Release Cairo|Win32.Build.0 = Release Cairo|Win32
		{CEB7B88B-3AA5-4DD6-818F-CF19E12BF1E1}.Release|Win32.ActiveCfg = Release|Win32
		{CEB7B88B-3AA5-4DD6-818F-CF19E12BF1E1}.Release|Win32.Build.0 = Release|Win32
		{1CD667DD-E7AE-4F36-A1F7-F41FB59786BE}.Debug Cairo|Win32.ActiveCfg = Debug Cairo|Win32
		{1CD667DD-E7AE-4F36-A1F7-F41FB59786BE}.Debug Cairo|Win32.Build.0 = Debug Cairo|Win32
		{1CD667DD-E7AE-4F36-A1F7-F41FB59786BE}.Debug|Win32.ActiveCfg = Debug|Win32
		{1CD667DD-E7AE-4F36-A1F7-F41FB59786BE}.Debug|Win32.Build.0 = Debug|Win32
		{1CD667DD-E7AE-4F36-A1F7-F41FB59786BE}.Release Cairo|Win32.ActiveCfg = Release Cairo|Win32
		{1CD667DD-E7AE-4F36-A1F7-F41FB59786BE}.Release Cairo|Win32.Build.0 = Release Cairo|Win32
		{1CD667DD-E7AE-4F36-A1F7-F41FB59786BE}.Release|Win32.ActiveCfg = Release|Win32
		{1CD667DD-E7AE-4F36-A1F7-F41FB59786BE}.Release|Win32.Build.0 = Release|Win32
		{289C605C-94CC-437F-836B-2FE41528EEEC}.Debug Cairo|Win32.ActiveCfg = Debug Cairo|Win32
		{289C605C-94CC-437F-836B-2FE41528EEEC}.Debug Cairo|Win32.Build.0 = Debug Cairo|Win32
		{289C605C-94CC-437F-836B-2FE41528EEEC}.Debug|Win32.ActiveCfg = Debug|Win32
		{289C605C-94CC-437F-836B-2FE41528EEEC}.Debug|Win32.Build.0 = Debug|Win32
		{289C605C-94CC-437F-836B-2FE41528EEEC}.Release Cairo|Win32.ActiveCfg = Release Cairo|Win32
		{289C605C-94CC-437F-836B-2FE41528EEEC}.Release Cairo|Win32.Build.0 = Release Cairo|Win32
		{289C605C-94CC-437F-836B-2FE41528EEEC}.Release|Win32.ActiveCfg = Release|Win32
		{289C605C-94CC-437F-836B-2FE41528EEEC}.Release|Win32.Build.0 = Release|Win32
		{D04E36D7-1C68-43E6-BE30-A7793CE3C799}.Debug Cairo|Win32.ActiveCfg = Debug Cairo|Win32
		{D04E36D7-1C68-43E6-BE30-A7793CE3C799}.Debug Cairo|Win32.Build.0 = Debug Cairo|Win32
		{D04E36D7-1C68-43E6-BE30-A7793CE3C799}.Debug|Win32.ActiveCfg = Debug|Win32
		{D04E36D7-1C68-43E6-BE30-A7793CE3C799}.Debug|Win32.Build.0 = Debug|Win32
		{D04E36D7-1C68-43E6-BE30-A7793CE3C799}.Release Cairo|Win32.ActiveCfg = Release Cairo|Win32
		{D04E36D7-1C68-43E6-BE30-A7793CE3C799}.Release Cairo|Win32.Build.0 = Release Cairo|Win32
		{D04E36D7-1C68-43E6-BE30-A7793CE3C799}.Release|Win32.ActiveCfg = Release|Win32
		{D04E36D7-1C68-43E6-BE30-A7793CE3C799}.Release|Win32.Build.0 = Release|Win32
		{AD5ACED4-F6EE-4AC0-B502-23CFD10EF603}.Debug Cairo|Win32.ActiveCfg = Debug Cairo|Win32
		{AD5ACED4-F6EE-4AC0-B502-23CFD10EF603}.Debug Cairo|Win32.Build.0 = Debug Cairo|Win32
		{AD5ACED4-F6EE-4AC0-B502-23CFD10EF603}.Debug|Win32.ActiveCfg = Debug|Win32
		{AD5ACED4-F6EE-4AC0-B502-23CFD10EF603}.Debug|Win32.Build.0 = Debug|Win32
		{AD5ACED4-F6EE-4AC0-B502-23CFD10EF603}.Release Cairo|Win32.ActiveCfg = Release Cairo|Win32
		{AD5ACED4-F6EE-4AC0-B502-23CFD10EF603}.Release Cairo|Win32.Build.0 = Release Cairo|Win32
		{AD5ACED4-F6EE-4AC0-B502-23CFD10EF603}.Release|Win32.ActiveCfg = Release|Win32
		{AD5ACED4-F6EE-4AC0-B502-23CFD10EF603}.Release|Win32.Build.0 = Release|Win32
		{46771042-C840-4314-BA3C-C5BC2FBD7CBB}.Debug Cairo|Win32.ActiveCfg = Debug Cairo|Win32
		{46771042-C840-4314-BA3C-C5BC2FBD7CBB}.Debug Cairo|Win32.Build.0 = Debug Cairo|Win32
		{46771042-C840-4314-BA3C-C5BC2FBD7CBB}.Debug|Win32.ActiveCfg = Debug|Win32
		{46771042-C840-4314-BA3C-C5BC2FBD7CBB}.Debug|Win32.Build.0 = Debug|Win32
		{46771042-C840-4314-BA3C-C5BC2FBD7CBB}.Release Cairo|Win32.ActiveCfg = Release Cairo|Win32
		{46771042-C840-4314-BA3C-C5BC2FBD7CBB}.Release Cairo|Win32.Build.0 = Release Cairo|Win32
		{46771042-C840-4314-BA3C-C5BC2FBD7CBB}.Release|Win32.ActiveCfg = Release|Win32
		{46771042-C840-4314-BA3C-C5BC2FBD7CBB}.Release|Win32.Build.0 = Release|Win32
		{2E03AF33-56A1-4366-B016-184CD96F3B56}.Debug Cairo|Win32.ActiveCfg = Debug Cairo|Win32
		{2E03AF33-56A1-4366-B016-184CD96F3B56}.Debug Cairo|Win32.Build.0 = Debug Cairo|Win32
		{2E03AF33-56A1-4366-B016-184CD96F3B56}.Debug|Win32.ActiveCfg = Debug|Win32
		{2E03AF33-56A1-4366-B016-184CD96F3B56}.Debug|Win32.Build.0 = Debug|Win32
		{2E03AF33-56A1-4366-B016-184CD96F3B56}.Release Cairo|Win32.ActiveCfg = Release Cairo|Win32
		{2E03AF33-56A1-4366-B016-184CD96F3B56}.Release Cairo|Win32.Build.0 = Release Cairo|Win32
		{2E03AF33-56A1-4366-B016-184CD96F3B56}.Release|Win32.ActiveCfg = Release|Win32
		{2E03AF33-56A1-4366-B016-184CD96F3B56}.Release|Win32.Build.0 = Release|Win32
		{97541B63-87AA-4ACE-BBF5-175F8D1389EC}.Debug Cairo|Win32.ActiveCfg = Debug Cairo|Win32
		{97541B63-87AA-4ACE-BBF5-175F8D1389EC}.Debug Cairo|Win32.Build.0 = Debug Cairo|Win32
		{97541B63-87AA-4ACE-BBF5-175F8D1389EC}.Debug|Win32.ActiveCfg = Debug|Win32
		{97541B63-87AA-4ACE-BBF5-175F8D1389EC}.Debug|Win32.Build.0 = Debug|Win32
		{97541B63-87AA-4ACE-BBF5-175F8D1389EC}.Release Cairo|Win32.ActiveCfg = Release Cairo|Win32
		{97541B63-87AA-4ACE-BBF5-175F8D1389EC}.Release Cairo|Win32.Build.0 = Release Cairo|Win32
		{97541B63-87AA-4ACE-BBF5-175F8D1389EC}.Release|Win32.ActiveCfg = Release|Win32
		{97541B63-87AA-4ACE-BBF5-175F8D1389EC}.Release|Win32.Build.0 = Release|Win32
		{45797F58-624B-4FA0-A7A3-5956114D8215}.Debug Cairo|Win32.ActiveCfg = Debug Cairo|Win32
		{45797F58-624B-4FA0-A7A3-5956114D8215}.Debug Cairo|Win32.Build.0 = Debug Cairo|Win32
		{45797F58-624B-4FA0-A7A3-5956114D8215}.Debug|Win32.ActiveCfg = Debug|Win32
		{45797F58-624B-4FA0-A7A3-5956114D8215}.Debug|Win32.Build.0 = Debug|Win32
		{45797F58-624B-4FA0-A7A3-5956114D8215}.Release Cairo|Win32.ActiveCfg = Release Cairo|Win32
		{45797F58-624B-4FA0-A7A3-5956114D8215}.Release Cairo|Win32.Build.0 = Release Cairo|Win32
		{45797F58-624B-4FA0-A7A3-5956114D8215}.Release|Win32.ActiveCfg = Release|Win32
		{45797F58-624B-4FA0-A7A3-5956114D8215}.Release|Win32.Build.0 = Release|Win32
		{7A2467D2-B03A-4964-A289-EF233EB39F69}.Debug Cairo|Win32.ActiveCfg = Debug Cairo|Win32
		{7A2467D2-B03A-4964-A289-EF233EB39F69}.Debug Cairo|Win32.Build.0 = Debug Cairo|Win32
		{7A2467D2-B03A-4964-A289-EF233EB39F69}.Debug|Win32.ActiveCfg = Debug|Win32
		{7A2467D2-B03A-4964-A289-EF233EB39F69}.Debug|Win32.Build.0 = Debug|Win32
		{7A2467D2-B03A-4964-A289-EF233EB39F69}.Release Cairo|Win32.ActiveCfg = Release Cairo|Win32
		{7A2467D2-B03A-4964-A289-EF233EB39F69}.Release Cairo|Win32.Build.0 = Release Cairo|Win32
		{7A2467D2-B03A-4964-A289-EF233EB39F69}.Release|Win32.ActiveCfg = Release|Win32
		{7A2467D2-B03A-4964-A289-EF233EB39F69}.Release|Win32.Build.0 = Release|Win32
		{AE750416-51BA-485C-BD76-EF11B4536EE8}.Debug Cairo|Win32.ActiveCfg = Debug Cairo|Win32
		{AE750416-51BA-485C-BD76-EF11B4536EE8}.Debug Cairo|Win32.Build.0 = Debug Cairo|Win32
		{AE750416-51BA-485C-BD76-EF11B4536EE8}.Debug|Win32.ActiveCfg = Debug|Win32
		{AE750416-51BA-485C-BD76-EF11B4536EE8}.Debug|Win32.Build.0 = Debug|Win32
		{AE750416-51BA-485C-BD76-EF11B4536EE8}.Release Cairo|Win32.ActiveCfg = Release Cairo|Win32
		{AE750416-51BA-485C-BD76-EF11B4536EE8}.Release Cairo|Win32.Build.0 = Release Cairo|Win32
		{AE750416-51BA-485C-BD76-EF11B4536EE8}.Release|Win32.ActiveCfg = Release|Win32
		{AE750416-51BA-485C-BD76-EF11B4536EE8}.Release|Win32.Build.0 = Release|Win32
		{3E822491-B134-43B0-A40E-9348FFAB527F}.Debug Cairo|Win32.ActiveCfg = Debug Cairo|Win32
		{3E822491-B134-43B0-A40E-9348FFAB527F}.Debug Cairo|Win32.Build.0 = Debug Cairo|Win32
		{3E822491-B134-43B0-A40E-9348FFAB527F}.Debug|Win32.ActiveCfg = Debug|Win32
		{3E822491-B134-43B0-A40E-9348FFAB527F}.Debug|Win32.Build.0 = Debug|Win32
		{3E822491-B134-43B0-A40E-9348FFAB527F}.Release Cairo|Win32.ActiveCfg = Release Cairo|Win32
		{3E822491-B134-43B0-A40E-9348FFAB527F}.Release Cairo|Win32.Build.0 = Release Cairo|Win32
		{3E822491-B134-43B0-A40E-9348FFAB527F}.Release|Win32.ActiveCfg = Release|Win32
		{3E822491-B134-43B0-A40E-9348FFAB527F}.Release|Win32.Build.0 = Release|Win32
		{AF932F77-1804-4DA4-A6DC-950795D6AFC1}.Debug Cairo|Win32.ActiveCfg = Debug Cairo|Win32
		{AF932F77-1804-4DA4-A6DC-950795D6AFC1}.Debug Cairo|Win32.Build.0 = Debug Cairo|Win32
		{AF932F77-1804-4DA4-A6DC-950795D6AFC1}.Debug|Win32.ActiveCfg = Debug|Win32
		{AF932F77-1804-4DA4-A6DC-950795D6AFC1}.Debug|Win32.Build.0 = Debug|Win32
		{AF932F77-1804-4DA4-A6DC-950795D6AFC1}.Release Cairo|Win32.ActiveCfg = Release Cairo|Win32
		{AF932F77-1804-4DA4-A6DC-950795D6AFC1}.Release Cairo|Win32.Build.0 = Release Cairo|Win32
		{AF932F77-1804-4DA4-A6DC-950795D6AFC1}.Release|Win32.ActiveCfg = Release|Win32
		{AF932F77-1804-4DA4-A6DC-950795D6AFC1}.Release|Win32.Build.0 = Release|Win32
		{45236F71-7031-40BC-ADCD-0535A64C04B0}.Debug Cairo|Win32.ActiveCfg = Debug Cairo|Win32
		{45236F71-7031-40BC-ADCD-0535A64C04B0}.Debug Cairo|Win32.Build.0 = Debug Cairo|Win32
		{45236F71-7031-40BC-ADCD-0535A64C04B0}.Debug|Win32.ActiveCfg = Debug|Win32
		{45236F71-7031-40BC-ADCD-0535A64C04B0}.Debug|Win32.Build.0 = Debug|Win32
		{45236F71-7031-40BC-ADCD-0535A64C04B0}.Release Cairo|Win32.ActiveCfg = Release Cairo|Win32
		{45236F71-7031-40BC-ADCD-0535A64C04B0}.Release Cairo|Win32.Build.0 = Release Cairo|Win32
		{45236F71-7031-40BC-ADCD-0535A64C04B0}.Release|Win32.ActiveCfg = Release|Win32
		{45236F71-7031-40BC-ADCD-0535A64C04B0}.Release|Win32.Build.0 = Release|Win32
		{28D24031-1A17-497A-B926-59CF78076DED}.Debug Cairo|Win32.ActiveCfg = Debug Cairo|Win32
		{28D24031-1A17-497A-B926-59CF78076DED}.Debug Cairo|Win32.Build.0 = Debug Cairo|Win32
		{28D24031-1A17-497A-B926-59CF78076DED}.Debug|Win32.ActiveCfg = Debug|Win32
		{28D24031-1A17-497A-B926-59CF78076DED}.Debug|Win32.Build.0 = Debug|Win32
		{28D24031-1A17-497A-B926-59CF78076DED}.Release Cairo|Win32.ActiveCfg = Release Cairo|Win32
		{28D24031-1A17-497A-B926-59CF78076DED}.Release Cairo|Win32.Build.0 = Release Cairo|Win32
		{28D24031-1A17-497A-B926-59CF78076DED}.Release|Win32.ActiveCfg = Release|Win32
		{28D24031-1A17-497A-B926-59CF78076DED}.Release|Win32.Build.0 = Release|Win32
		{23F17042-704E-4198-8017-A8584E884CF7}.Debug Cairo|Win32.ActiveCfg = Debug Cairo|Win32
		{23F17042-704E-4198-8017-A8584E884CF7}.Debug Cairo|Win32.Build.0 = Debug Cairo|Win32
		{23F17042-704E-4198-8017-A8584E884CF7}.Debug|Win32.ActiveCfg = Debug|Win32
		{23F17042-704E-4198-8017-A8584E884CF7}.Debug|Win32.Build.0 = Debug|Win32
		{23F17042-704E-4198-8017-A8584E884CF7}.Release Cairo|Win32.ActiveCfg = Release Cairo|Win32
		{23F17042-704E-4198-8017-A8584E884CF7}.Release Cairo|Win32.Build.0 = Release Cairo|Win32
		{23F17042-704E-4198-8017-A8584E884CF7}.Release|Win32.ActiveCfg = Release|Win32
		{23F17042-704E-4198-8017-A8584E884CF7}.Release|Win32.Build.0 = Release|Win32
		{CEE12ACB-20E4-45E4-AD5E-D15D7CFF68C3}.Debug Cairo|Win32.ActiveCfg = Debug Cairo|Win32
		{CEE12ACB-20E4-45E4-AD5E-D15D7CFF68C3}.Debug Cairo|Win32.Build.0 = Debug Cairo|Win32
		{CEE12ACB-20E4-45E4-AD5E-D15D7CFF68C3}.Debug|Win32.ActiveCfg = Debug|Win32
		{CEE12ACB-20E4-45E4-AD5E-D15D7CFF68C3}.Debug|Win32.Build.0 = Debug|Win32
		{CEE12ACB-20E4-45E4-AD5E-D15D7CFF68C3}.Release Cairo|Win32.ActiveCfg = Release Cairo|Win32
		{CEE12ACB-20E4-45E4-AD5E-D15D7CFF68C3}.Release Cairo|Win32.Build.0 = Release Cairo|Win32
		{CEE12ACB-20E4-45E4-AD5E-D15D7CFF68C3}.Release|Win32.ActiveCfg = Release|Win32
		{CEE12ACB-20E4-45E4-AD5E-D15D7CFF68C3}.Release|Win32.Build.0 = Release|Win32
		{08B82852-90B3-4767-A5D2-F0A4FCCB2377}.Debug Cairo|Win32.ActiveCfg = Debug Cairo|Win32
		{08B82852-90B3-4767-A5D2-F0A4FCCB2377}.Debug Cairo|Win32.Build.0 = Debug Cairo|Win32
		{08B82852-90B3-4767-A5D2-F0A4FCCB2377}.Debug|Win32.ActiveCfg = Debug|Win32
		{08B82852-90B3-4767-A5D2-F0A4FCCB2377}.Debug|Win32.Build.0 = Debug|Win32
		{08B82852-90B3-4767-A5D2-F0A4FCCB2377}.Release Cairo|Win32.ActiveCfg = Release Cairo|Win32
		{08B82852-90B3-4767-A5D2-F0A4FCCB2377}.Release Cairo|Win32.Build.0 = Release Cairo|Win32
		{08B82852-90B3-4767-A5D2-F0A4FCCB2377}.Release|Win32.ActiveCfg = Release|Win32
		{08B82852-90B3-4767-A5D2-F0A4FCCB2377}.Release|Win32.Build.0 = Release|Win32
		{E1D9CE3F-400D-40E8-AD0D-61C29B1847FF}.Debug Cairo|Win32.ActiveCfg = Debug Cairo|Win32
		{E1D9CE3F-400D-40E8-AD0D-61C29B1847FF}.Debug Cairo|Win32.Build.0 = Debug Cairo|Win32
		{E1D9CE3F-400D-40E8-AD0D-61C29B1847FF}.Debug|Win32.ActiveCfg = Debug|Win32
		{E1D9CE3F-400D-40E8-AD0D-61C29B1847FF}.Debug|Win32.Build.0 = Debug|Win32
		{E1D9CE3F-400D-40E8-AD0D-61C29B1847FF}.Release Cairo|Win32.ActiveCfg = Release Cairo|Win32
		{E1D9CE3F-400D-40E8-AD0D-61C29B1847FF}.Release Cairo|Win32.Build.0 = Release Cairo|Win32
		{E1D9CE3F-400D-40E8-AD0D-61C29B1847FF}.Release|Win32.ActiveCfg = Release|Win32
		{E1D9CE3F-400D-40E8-AD0D-61C29B1847FF}.Release|Win32.Build.0 = Release|Win32
		{D640A221-F95A-40FF-AC0E-0E8B615C7681}.Debug Cairo|Win32.ActiveCfg = Debug Cairo|Win32
		{D640A221-F95A-40FF-AC0E-0E8B615C7681}.Debug Cairo|Win32.Build.0 = Debug Cairo|Win32
		{D640A221-F95A-40FF-AC0E-0E8B615C7681}.Debug|Win32.ActiveCfg = Debug|Win32
		{D640A221-F95A-40FF-AC0E-0E8B615C7681}.Debug|Win32.Build.0 = Debug|Win32
		{D640A221-F95A-40FF-AC0E-0E8B615C7681}.Release Cairo|Win32.ActiveCfg = Release Cairo|Win32
		{D640A221-F95A-40FF-AC0E-0E8B615C7681}.Release Cairo|Win32.Build.0 = Release Cairo|Win32
		{D640A221-F95A-40FF-AC0E-0E8B615C7681}.Release|Win32.ActiveCfg = Release|Win32
		{D640A221-F95A-40FF-AC0E-0E8B615C7681}.Release|Win32.Build.0 = Release|Win32
		{50651D04-C8F7-4C2B-B412-0848573BDF88}.Debug Cairo|Win32.ActiveCfg = Debug Cairo|Win32
		{50651D04-C8F7-4C2B-B412-0848573BDF88}.Debug Cairo|Win32.Build.0 = Debug Cairo|Win32
		{50651D04-C8F7-4C2B-B412-0848573BDF88}.Debug|Win32.ActiveCfg = Debug|Win32
		{50651D04-C8F7-4C2B-B412-0848573BDF88}.Debug|Win32.Build.0 = Debug|Win32
		{50651D04-C8F7-4C2B-B412-0848573BDF88}.Release Cairo|Win32.ActiveCfg = Release Cairo|Win32
		{50651D04-C8F7-4C2B-B412-0848573BDF88}.Release Cairo|Win32.Build.0 = Release Cairo|Win32
		{50651D04-C8F7-4C2B-B412-0848573BDF88}.Release|Win32.ActiveCfg = Release|Win32
		{50651D04-C8F7-4C2B-B412-0848573BDF88}.Release|Win32.Build.0 = Release|Win32
		{ADA2462A-3656-41D2-B7A8-8D942AA0F8F9}.Debug Cairo|Win32.ActiveCfg = Debug Cairo|Win32
		{ADA2462A-3656-41D2-B7A8-8D942AA0F8F9}.Debug Cairo|Win32.Build.0 = Debug Cairo|Win32
		{ADA2462A-3656-41D2-B7A8-8D942AA0F8F9}.Debug|Win32.ActiveCfg = Debug|Win32
		{ADA2462A-3656-41D2-B7A8-8D942AA0F8F9}.Debug|Win32.Build.0 = Debug|Win32
		{ADA2462A-3656-41D2-B7A8-8D942AA0F8F9}.Release Cairo|Win32.ActiveCfg = Release Cairo|Win32
		{ADA2462A-3656-41D2-B7A8-8D942AA0F8F9}.Release Cairo|Win32.Build.0 = Release Cairo|Win32
		{ADA2462A-3656-41D2-B7A8-8D942AA0F8F9}.Release|Win32.ActiveCfg = Release|Win32
		{ADA2462A-3656-41D2-B7A8-8D942AA0F8F9}.Release|Win32.Build.0 = Release|Win32
		{CF98E92E-C789-47E6-A2DA-398EB7991A2B}.Debug Cairo|Win32.ActiveCfg = Debug Cairo|Win32
		{CF98E92E-C789-47E6-A2DA-398EB7991A2B}.Debug Cairo|Win32.Build.0 = Debug Cairo|Win32
		{CF98E92E-C789-47E6-A2DA-398EB7991A2B}.Debug|Win32.ActiveCfg = Debug|Win32
		{CF98E92E-C789-47E6-A2DA-398EB7991A2B}.Debug|Win32.Build.0 = Debug|Win32
		{CF98E92E-C789-47E6-A2DA-398EB7991A2B}.Release Cairo|Win32.ActiveCfg = Release Cairo|Win32
		{CF98E92E-C789-47E6-A2DA-398EB7991A2B}.Release Cairo|Win32.Build.0 = Release Cairo|Win32
		{CF98E92E-C789-47E6-A2DA-398EB7991A2B}.Release|Win32.ActiveCfg = Release|Win32
		{CF98E92E-C789-47E6-A2DA-398EB7991A2B}.Release|Win32.Build.0 = Release|Win32
		{33331FB8-2AF9-4D15-BEE3-5F69658A6F1F}.Debug Cairo|Win32.ActiveCfg = Debug Cairo|Win32
		{33331FB8-2AF9-4D15-BEE3-5F69658A6F1F}.Debug Cairo|Win32.Build.0 = Debug Cairo|Win32
		{33331FB8-2AF9-4D15-BEE3-5F69658A6F1F}.Debug|Win32.ActiveCfg = Debug|Win32
		{33331FB8-2AF9-4D15-BEE3-5F69658A6F1F}.Debug|Win32.Build.0 = Debug|Win32
		{33331FB8-2AF9-4D15-BEE3-5F69658A6F1F}.Release Cairo|Win32.ActiveCfg = Release Cairo|Win32
		{33331FB8-2AF9-4D15-BEE3-5F69658A6F1F}.Release Cairo|Win32.Build.0 = Release Cairo|Win32
		{33331FB8-2AF9-4D15-BEE3-5F69658A6F1F}.Release|Win32.ActiveCfg = Release|Win32
		{33331FB8-2AF9-4D15-BEE3-5F69658A6F1F}.Release|Win32.Build.0 = Release|Win32
		{2C3FB329-620B-41A0-8845-A063C9EA8807}.Debug Cairo|Win32.ActiveCfg = Debug Cairo|Win32
		{2C3FB329-620B-41A0-8845-A063C9EA8807}.Debug Cairo|Win32.Build.0 = Debug Cairo|Win32
		{2C3FB329-620B-41A0-8845-A063C9EA8807}.Debug|Win32.ActiveCfg = Debug|Win32
		{2C3FB329-620B-41A0-8845-A063C9EA8807}.Debug|Win32.Build.0 = Debug|Win32
		{2C3FB329-620B-41A0-8845-A063C9EA8807}.Release Cairo|Win32.ActiveCfg = Release Cairo|Win32
		{2C3FB329-620B-41A0-8845-A063C9EA8807}.Release Cairo|Win32.Build.0 = Release Cairo|Win32
		{2C3FB329-620B-41A0-8845-A063C9EA8807}.Release|Win32.ActiveCfg = Release|Win32
		{2C3FB329-620B-41A0-8845-A063C9EA8807}.Release|Win32.Build.0 = Release|Win32
		{2D92C98B-F186-4BF0-A9D4-51D42C93F6E8}.Debug Cairo|Win32.ActiveCfg = Debug Cairo|Win32
		{2D92C98B-F186-4BF0-A9D4-51D42C93F6E8}.Debug Cairo|Win32.Build.0 = Debug Cairo|Win32
		{2D92C98B-F186-4BF0-A9D4-51D42C93F6E8}.Debug|Win32.ActiveCfg = Debug|Win32
		{2D92C98B-F186-4BF0-A9D4-51D42C93F6E8}.Debug|Win32.Build.0 = Debug|Win32
		{2D92C98B-F186-4BF0-A9D4-51D42C93F6E8}.Release Cairo|Win32.ActiveCfg = Release Cairo|Win32
		{2D92C98B-F186-4BF0-A9D4-51D42C93F6E8}.Release Cairo|Win32.Build.0 = Release Cairo|Win32
		{2D92C98B-F186-4BF0-A9D4-51D42C93F6E8}.Release|Win32.ActiveCfg = Release|Win32
		{2D92C98B-F186-4BF0-A9D4-51D42C93F6E8}.Release|Win32.Build.0 = Release|Win32
		{E88CCAF5-5DB9-4A46-8C91-97C5697F167A}.Debug Cairo|Win32.ActiveCfg = Debug Cairo|Win32
		{E88CCAF5-5DB9-4A46-8C91-97C5697F167A}.Debug Cairo|Win32.Build.0 = Debug Cairo|Win32
		{E88CCAF5-5DB9-4A46-8C91-97C5697F167A}.Debug|Win32.ActiveCfg = Debug|Win32
		{E88CCAF5-5DB9-4A46-8C91-97C5697F167A}.Debug|Win32.Build.0 = Debug|Win32
		{E88CCAF5-5DB9-4A46-8C91-97C5697F167A}.Release Cairo|Win32.ActiveCfg = Release Cairo|Win32
		{E88CCAF5-5DB9-4A46-8C91-97C5697F167A}.Release Cairo|Win32.Build.0 = Release Cairo|Win32
		{E88CCAF5-5DB9-4A46-8C91-97C5697F167A}.Release|Win32.ActiveCfg = Release|Win32
		{E88CCAF5-5DB9-4A46-8C91-97C5697F167A}.Release|Win32.Build.0 = Release|Win32
		{BA275A4C-FD92-4AC2-8996-1A32E9BC4E3A}.Debug Cairo|Win32.ActiveCfg = Debug Cairo|Win32
		{BA275A4C-FD92-4AC2-8996-1A32E9BC4E3A}.Debug Cairo|Win32.Build.0 = Debug Cairo|Win32
		{BA275A4C-FD92-4AC2-8996-1A32E9BC4E3A}.Debug|Win32.ActiveCfg = Debug|Win32
		{BA275A4C-FD92-4AC2-8996-1A32E9BC4E3A}.Debug|Win32.Build.0 = Debug|Win32
		{BA275A4C-FD92-4AC2-8996-1A32E9BC4E3A}.Release Cairo|Win32.ActiveCfg = Release Cairo|Win32
		{BA275A4C-FD92-4AC2-8996-1A32E9BC4E3A}.Release Cairo|Win32.Build.0 = Release Cairo|Win32
		{BA275A4C-FD92-4AC2-8996-1A32E9BC4E3A}.Release|Win32.ActiveCfg = Release|Win32
		{BA275A4C-FD92-4AC2-8996-1A32E9BC4E3A}.Release|Win32.Build.0 = Release|Win32
		{9CF889F1-AEFE-43BA-BA18-B2B09EF8ADEE}.Debug Cairo|Win32.ActiveCfg = Debug Cairo|Win32
		{9CF889F1-AEFE-43BA-BA18-B2B09EF8ADEE}.Debug Cairo|Win32.Build.0 = Debug Cairo|Win32
		{9CF889F1-AEFE-43BA-BA18-B2B09EF8ADEE}.Debug|Win32.ActiveCfg = Debug|Win32
		{9CF889F1-AEFE-43BA-BA18-B2B09EF8ADEE}.Debug|Win32.Build.0 = Debug|Win32
		{9CF889F1-AEFE-43BA-BA18-B2B09EF8ADEE}.Release Cairo|Win32.ActiveCfg = Release Cairo|Win32
		{9CF889F1-AEFE-43BA-BA18-B2B09EF8ADEE}.Release Cairo|Win32.Build.0 = Release Cairo|Win32
		{9CF889F1-AEFE-43BA-BA18-B2B09EF8ADEE}.Release|Win32.ActiveCfg = Release|Win32
		{9CF889F1-AEFE-43BA-BA18-B2B09EF8ADEE}.Release|Win32.Build.0 = Release|Win32
		{86C52ED6-C710-40E6-86A2-61F757B20CF7}.Debug Cairo|Win32.ActiveCfg = Debug Cairo|Win32
		{86C52ED6-C710-40E6-86A2-61F757B20CF7}.Debug Cairo|Win32.Build.0 = Debug Cairo|Win32
		{86C52ED6-C710-40E6-86A2-61F757B20CF7}.Debug|Win32.ActiveCfg = Debug|Win32
		{86C52ED6-C710-40E6-86A2-61F757B20CF7}.Debug|Win32.Build.0 = Debug|Win32
		{86C52ED6-C710-40E6-86A2-61F757B20CF7}.Release Cairo|Win32.ActiveCfg = Release Cairo|Win32
		{86C52ED6-C710-40E6-86A2-61F757B20CF7}.Release Cairo|Win32.Build.0 = Release Cairo|Win32
		{86C52ED6-C710-40E6-86A2-61F757B20CF7}.Release|Win32.ActiveCfg = Release|Win32
		{86C52ED6-C710-40E6-86A2-61F757B20CF7}.Release|Win32.Build.0 = Release|Win32
	EndGlobalSection
	GlobalSection(SolutionProperties) = preSolution
		HideSolutionNode = FALSE
	EndGlobalSection
EndGlobal
